
Microsoft Visual Studio Solution File, Format Version 12.00
# Visual Studio 2013
VisualStudioVersion = 12.0.31101.0
MinimumVisualStudioVersion = 10.0.40219.1
Project("{FAE04EC0-301F-11D3-BF4B-00C04F79EFBC}") = "GameFrame", "GameFrame\GameFrame.csproj", "{645B4968-1B54-41A3-A490-CB10C10CDC83}"
EndProject
Project("{2150E333-8FDC-42A3-9474-1A3956D46DE8}") = "Demos", "Demos", "{ABC52BB5-5C92-4F8E-8A0A-172F0407CEDE}"
EndProject
Project("{FAE04EC0-301F-11D3-BF4B-00C04F79EFBC}") = "Demos.DesktopGl", "Demos.DesktopGl\Demos.DesktopGl.csproj", "{CDAF3542-C333-4DDD-A50F-B339F6ACC208}"
EndProject
Project("{FAE04EC0-301F-11D3-BF4B-00C04F79EFBC}") = "Demos.Droid", "Demos.Droid\Demos.Droid.csproj", "{AD3A3D99-291D-49DB-82EA-4433727B9C8A}"
EndProject
Project("{FAE04EC0-301F-11D3-BF4B-00C04F79EFBC}") = "Demos.iOS", "Demos.iOS\Demos.iOS.csproj", "{BC9241B8-57A2-43B4-AFD1-2EF1D94EB2B1}"
EndProject
Project("{FAE04EC0-301F-11D3-BF4B-00C04F79EFBC}") = "Demos", "Demos\Demos.csproj", "{A0778009-BE06-4DD2-8F41-8E9F665F385F}"
EndProject
Project("{FAE04EC0-301F-11D3-BF4B-00C04F79EFBC}") = "GameFrame.ContentPipeline", "GameFrame.ContentPipeline\GameFrame.ContentPipeline.csproj", "{01EF9E28-012D-4414-9D13-C9DDE6D2CD42}"
EndProject
Project("{FAE04EC0-301F-11D3-BF4B-00C04F79EFBC}") = "Demos.UWP", "Demos.UWP\Demos.UWP.csproj", "{C7907EE3-C807-4198-9CB4-B23CAB7F07B0}"
EndProject
Global
	GlobalSection(SolutionConfigurationPlatforms) = preSolution
		Ad-Hoc|Any CPU = Ad-Hoc|Any CPU
		Ad-Hoc|ARM = Ad-Hoc|ARM
		Ad-Hoc|iPhone = Ad-Hoc|iPhone
		Ad-Hoc|iPhoneSimulator = Ad-Hoc|iPhoneSimulator
		Ad-Hoc|Mixed Platforms = Ad-Hoc|Mixed Platforms
		Ad-Hoc|x64 = Ad-Hoc|x64
		Ad-Hoc|x86 = Ad-Hoc|x86
		AppStore|Any CPU = AppStore|Any CPU
		AppStore|ARM = AppStore|ARM
		AppStore|iPhone = AppStore|iPhone
		AppStore|iPhoneSimulator = AppStore|iPhoneSimulator
		AppStore|Mixed Platforms = AppStore|Mixed Platforms
		AppStore|x64 = AppStore|x64
		AppStore|x86 = AppStore|x86
		Debug|Any CPU = Debug|Any CPU
		Debug|ARM = Debug|ARM
		Debug|iPhone = Debug|iPhone
		Debug|iPhoneSimulator = Debug|iPhoneSimulator
		Debug|Mixed Platforms = Debug|Mixed Platforms
		Debug|x64 = Debug|x64
		Debug|x86 = Debug|x86
		Release|Any CPU = Release|Any CPU
		Release|ARM = Release|ARM
		Release|iPhone = Release|iPhone
		Release|iPhoneSimulator = Release|iPhoneSimulator
		Release|Mixed Platforms = Release|Mixed Platforms
		Release|x64 = Release|x64
		Release|x86 = Release|x86
	EndGlobalSection
	GlobalSection(ProjectConfigurationPlatforms) = postSolution
		{645B4968-1B54-41A3-A490-CB10C10CDC83}.Ad-Hoc|Any CPU.ActiveCfg = Release|Any CPU
		{645B4968-1B54-41A3-A490-CB10C10CDC83}.Ad-Hoc|Any CPU.Build.0 = Release|Any CPU
		{645B4968-1B54-41A3-A490-CB10C10CDC83}.Ad-Hoc|ARM.ActiveCfg = Debug|Any CPU
		{645B4968-1B54-41A3-A490-CB10C10CDC83}.Ad-Hoc|iPhone.ActiveCfg = Release|Any CPU
		{645B4968-1B54-41A3-A490-CB10C10CDC83}.Ad-Hoc|iPhone.Build.0 = Release|Any CPU
		{645B4968-1B54-41A3-A490-CB10C10CDC83}.Ad-Hoc|iPhoneSimulator.ActiveCfg = Release|Any CPU
		{645B4968-1B54-41A3-A490-CB10C10CDC83}.Ad-Hoc|iPhoneSimulator.Build.0 = Release|Any CPU
		{645B4968-1B54-41A3-A490-CB10C10CDC83}.Ad-Hoc|Mixed Platforms.ActiveCfg = Debug|Any CPU
		{645B4968-1B54-41A3-A490-CB10C10CDC83}.Ad-Hoc|Mixed Platforms.Build.0 = Debug|Any CPU
		{645B4968-1B54-41A3-A490-CB10C10CDC83}.Ad-Hoc|x64.ActiveCfg = Debug|Any CPU
		{645B4968-1B54-41A3-A490-CB10C10CDC83}.Ad-Hoc|x86.ActiveCfg = Release|Any CPU
		{645B4968-1B54-41A3-A490-CB10C10CDC83}.Ad-Hoc|x86.Build.0 = Release|Any CPU
		{645B4968-1B54-41A3-A490-CB10C10CDC83}.AppStore|Any CPU.ActiveCfg = Release|Any CPU
		{645B4968-1B54-41A3-A490-CB10C10CDC83}.AppStore|Any CPU.Build.0 = Release|Any CPU
		{645B4968-1B54-41A3-A490-CB10C10CDC83}.AppStore|ARM.ActiveCfg = Debug|Any CPU
		{645B4968-1B54-41A3-A490-CB10C10CDC83}.AppStore|iPhone.ActiveCfg = Release|Any CPU
		{645B4968-1B54-41A3-A490-CB10C10CDC83}.AppStore|iPhone.Build.0 = Release|Any CPU
		{645B4968-1B54-41A3-A490-CB10C10CDC83}.AppStore|iPhoneSimulator.ActiveCfg = Release|Any CPU
		{645B4968-1B54-41A3-A490-CB10C10CDC83}.AppStore|iPhoneSimulator.Build.0 = Release|Any CPU
		{645B4968-1B54-41A3-A490-CB10C10CDC83}.AppStore|Mixed Platforms.ActiveCfg = Debug|Any CPU
		{645B4968-1B54-41A3-A490-CB10C10CDC83}.AppStore|Mixed Platforms.Build.0 = Debug|Any CPU
		{645B4968-1B54-41A3-A490-CB10C10CDC83}.AppStore|x64.ActiveCfg = Debug|Any CPU
		{645B4968-1B54-41A3-A490-CB10C10CDC83}.AppStore|x86.ActiveCfg = Release|Any CPU
		{645B4968-1B54-41A3-A490-CB10C10CDC83}.AppStore|x86.Build.0 = Release|Any CPU
		{645B4968-1B54-41A3-A490-CB10C10CDC83}.Debug|Any CPU.ActiveCfg = Debug|Any CPU
		{645B4968-1B54-41A3-A490-CB10C10CDC83}.Debug|Any CPU.Build.0 = Debug|Any CPU
		{645B4968-1B54-41A3-A490-CB10C10CDC83}.Debug|ARM.ActiveCfg = Debug|Any CPU
		{645B4968-1B54-41A3-A490-CB10C10CDC83}.Debug|iPhone.ActiveCfg = Debug|Any CPU
		{645B4968-1B54-41A3-A490-CB10C10CDC83}.Debug|iPhone.Build.0 = Debug|Any CPU
		{645B4968-1B54-41A3-A490-CB10C10CDC83}.Debug|iPhoneSimulator.ActiveCfg = Debug|Any CPU
		{645B4968-1B54-41A3-A490-CB10C10CDC83}.Debug|iPhoneSimulator.Build.0 = Debug|Any CPU
		{645B4968-1B54-41A3-A490-CB10C10CDC83}.Debug|Mixed Platforms.ActiveCfg = Debug|Any CPU
		{645B4968-1B54-41A3-A490-CB10C10CDC83}.Debug|Mixed Platforms.Build.0 = Debug|Any CPU
		{645B4968-1B54-41A3-A490-CB10C10CDC83}.Debug|x64.ActiveCfg = Debug|Any CPU
		{645B4968-1B54-41A3-A490-CB10C10CDC83}.Debug|x86.ActiveCfg = Debug|Any CPU
		{645B4968-1B54-41A3-A490-CB10C10CDC83}.Debug|x86.Build.0 = Debug|Any CPU
		{645B4968-1B54-41A3-A490-CB10C10CDC83}.Release|Any CPU.ActiveCfg = Release|Any CPU
		{645B4968-1B54-41A3-A490-CB10C10CDC83}.Release|Any CPU.Build.0 = Release|Any CPU
		{645B4968-1B54-41A3-A490-CB10C10CDC83}.Release|ARM.ActiveCfg = Release|Any CPU
		{645B4968-1B54-41A3-A490-CB10C10CDC83}.Release|iPhone.ActiveCfg = Release|Any CPU
		{645B4968-1B54-41A3-A490-CB10C10CDC83}.Release|iPhone.Build.0 = Release|Any CPU
		{645B4968-1B54-41A3-A490-CB10C10CDC83}.Release|iPhoneSimulator.ActiveCfg = Release|Any CPU
		{645B4968-1B54-41A3-A490-CB10C10CDC83}.Release|iPhoneSimulator.Build.0 = Release|Any CPU
		{645B4968-1B54-41A3-A490-CB10C10CDC83}.Release|Mixed Platforms.ActiveCfg = Release|Any CPU
		{645B4968-1B54-41A3-A490-CB10C10CDC83}.Release|Mixed Platforms.Build.0 = Release|Any CPU
		{645B4968-1B54-41A3-A490-CB10C10CDC83}.Release|x64.ActiveCfg = Release|Any CPU
		{645B4968-1B54-41A3-A490-CB10C10CDC83}.Release|x86.ActiveCfg = Release|Any CPU
		{645B4968-1B54-41A3-A490-CB10C10CDC83}.Release|x86.Build.0 = Release|Any CPU
		{CDAF3542-C333-4DDD-A50F-B339F6ACC208}.Ad-Hoc|Any CPU.ActiveCfg = Release|x86
		{CDAF3542-C333-4DDD-A50F-B339F6ACC208}.Ad-Hoc|Any CPU.Build.0 = Release|x86
		{CDAF3542-C333-4DDD-A50F-B339F6ACC208}.Ad-Hoc|ARM.ActiveCfg = Debug|x86
		{CDAF3542-C333-4DDD-A50F-B339F6ACC208}.Ad-Hoc|iPhone.ActiveCfg = Release|x86
		{CDAF3542-C333-4DDD-A50F-B339F6ACC208}.Ad-Hoc|iPhone.Build.0 = Release|x86
		{CDAF3542-C333-4DDD-A50F-B339F6ACC208}.Ad-Hoc|iPhoneSimulator.ActiveCfg = Release|x86
		{CDAF3542-C333-4DDD-A50F-B339F6ACC208}.Ad-Hoc|iPhoneSimulator.Build.0 = Release|x86
		{CDAF3542-C333-4DDD-A50F-B339F6ACC208}.Ad-Hoc|Mixed Platforms.ActiveCfg = Debug|x86
		{CDAF3542-C333-4DDD-A50F-B339F6ACC208}.Ad-Hoc|Mixed Platforms.Build.0 = Debug|x86
		{CDAF3542-C333-4DDD-A50F-B339F6ACC208}.Ad-Hoc|x64.ActiveCfg = Debug|x86
		{CDAF3542-C333-4DDD-A50F-B339F6ACC208}.Ad-Hoc|x86.ActiveCfg = Release|x86
		{CDAF3542-C333-4DDD-A50F-B339F6ACC208}.Ad-Hoc|x86.Build.0 = Release|x86
		{CDAF3542-C333-4DDD-A50F-B339F6ACC208}.AppStore|Any CPU.ActiveCfg = Release|x86
		{CDAF3542-C333-4DDD-A50F-B339F6ACC208}.AppStore|Any CPU.Build.0 = Release|x86
		{CDAF3542-C333-4DDD-A50F-B339F6ACC208}.AppStore|ARM.ActiveCfg = Debug|x86
		{CDAF3542-C333-4DDD-A50F-B339F6ACC208}.AppStore|iPhone.ActiveCfg = Release|x86
		{CDAF3542-C333-4DDD-A50F-B339F6ACC208}.AppStore|iPhone.Build.0 = Release|x86
		{CDAF3542-C333-4DDD-A50F-B339F6ACC208}.AppStore|iPhoneSimulator.ActiveCfg = Release|x86
		{CDAF3542-C333-4DDD-A50F-B339F6ACC208}.AppStore|iPhoneSimulator.Build.0 = Release|x86
		{CDAF3542-C333-4DDD-A50F-B339F6ACC208}.AppStore|Mixed Platforms.ActiveCfg = Debug|x86
		{CDAF3542-C333-4DDD-A50F-B339F6ACC208}.AppStore|Mixed Platforms.Build.0 = Debug|x86
		{CDAF3542-C333-4DDD-A50F-B339F6ACC208}.AppStore|x64.ActiveCfg = Debug|x86
		{CDAF3542-C333-4DDD-A50F-B339F6ACC208}.AppStore|x86.ActiveCfg = Release|x86
		{CDAF3542-C333-4DDD-A50F-B339F6ACC208}.AppStore|x86.Build.0 = Release|x86
		{CDAF3542-C333-4DDD-A50F-B339F6ACC208}.Debug|Any CPU.ActiveCfg = Debug|x86
		{CDAF3542-C333-4DDD-A50F-B339F6ACC208}.Debug|Any CPU.Build.0 = Debug|x86
		{CDAF3542-C333-4DDD-A50F-B339F6ACC208}.Debug|ARM.ActiveCfg = Debug|x86
		{CDAF3542-C333-4DDD-A50F-B339F6ACC208}.Debug|iPhone.ActiveCfg = Debug|x86
		{CDAF3542-C333-4DDD-A50F-B339F6ACC208}.Debug|iPhoneSimulator.ActiveCfg = Debug|x86
		{CDAF3542-C333-4DDD-A50F-B339F6ACC208}.Debug|Mixed Platforms.ActiveCfg = Debug|x86
		{CDAF3542-C333-4DDD-A50F-B339F6ACC208}.Debug|Mixed Platforms.Build.0 = Debug|x86
		{CDAF3542-C333-4DDD-A50F-B339F6ACC208}.Debug|x64.ActiveCfg = Debug|x86
		{CDAF3542-C333-4DDD-A50F-B339F6ACC208}.Debug|x86.ActiveCfg = Debug|x86
		{CDAF3542-C333-4DDD-A50F-B339F6ACC208}.Debug|x86.Build.0 = Debug|x86
		{CDAF3542-C333-4DDD-A50F-B339F6ACC208}.Release|Any CPU.ActiveCfg = Release|x86
		{CDAF3542-C333-4DDD-A50F-B339F6ACC208}.Release|ARM.ActiveCfg = Release|x86
		{CDAF3542-C333-4DDD-A50F-B339F6ACC208}.Release|iPhone.ActiveCfg = Release|x86
		{CDAF3542-C333-4DDD-A50F-B339F6ACC208}.Release|iPhoneSimulator.ActiveCfg = Release|x86
		{CDAF3542-C333-4DDD-A50F-B339F6ACC208}.Release|Mixed Platforms.ActiveCfg = Release|x86
		{CDAF3542-C333-4DDD-A50F-B339F6ACC208}.Release|Mixed Platforms.Build.0 = Release|x86
		{CDAF3542-C333-4DDD-A50F-B339F6ACC208}.Release|x64.ActiveCfg = Release|x86
		{CDAF3542-C333-4DDD-A50F-B339F6ACC208}.Release|x86.ActiveCfg = Release|x86
		{CDAF3542-C333-4DDD-A50F-B339F6ACC208}.Release|x86.Build.0 = Release|x86
		{AD3A3D99-291D-49DB-82EA-4433727B9C8A}.Ad-Hoc|Any CPU.ActiveCfg = Release|Any CPU
		{AD3A3D99-291D-49DB-82EA-4433727B9C8A}.Ad-Hoc|Any CPU.Build.0 = Release|Any CPU
		{AD3A3D99-291D-49DB-82EA-4433727B9C8A}.Ad-Hoc|Any CPU.Deploy.0 = Release|Any CPU
		{AD3A3D99-291D-49DB-82EA-4433727B9C8A}.Ad-Hoc|ARM.ActiveCfg = Debug|Any CPU
		{AD3A3D99-291D-49DB-82EA-4433727B9C8A}.Ad-Hoc|iPhone.ActiveCfg = Release|Any CPU
		{AD3A3D99-291D-49DB-82EA-4433727B9C8A}.Ad-Hoc|iPhone.Build.0 = Release|Any CPU
		{AD3A3D99-291D-49DB-82EA-4433727B9C8A}.Ad-Hoc|iPhone.Deploy.0 = Release|Any CPU
		{AD3A3D99-291D-49DB-82EA-4433727B9C8A}.Ad-Hoc|iPhoneSimulator.ActiveCfg = Release|Any CPU
		{AD3A3D99-291D-49DB-82EA-4433727B9C8A}.Ad-Hoc|iPhoneSimulator.Build.0 = Release|Any CPU
		{AD3A3D99-291D-49DB-82EA-4433727B9C8A}.Ad-Hoc|iPhoneSimulator.Deploy.0 = Release|Any CPU
		{AD3A3D99-291D-49DB-82EA-4433727B9C8A}.Ad-Hoc|Mixed Platforms.ActiveCfg = Debug|Any CPU
		{AD3A3D99-291D-49DB-82EA-4433727B9C8A}.Ad-Hoc|x64.ActiveCfg = Debug|Any CPU
		{AD3A3D99-291D-49DB-82EA-4433727B9C8A}.Ad-Hoc|x86.ActiveCfg = Release|Any CPU
		{AD3A3D99-291D-49DB-82EA-4433727B9C8A}.Ad-Hoc|x86.Build.0 = Release|Any CPU
		{AD3A3D99-291D-49DB-82EA-4433727B9C8A}.Ad-Hoc|x86.Deploy.0 = Release|Any CPU
		{AD3A3D99-291D-49DB-82EA-4433727B9C8A}.AppStore|Any CPU.ActiveCfg = Release|Any CPU
		{AD3A3D99-291D-49DB-82EA-4433727B9C8A}.AppStore|Any CPU.Build.0 = Release|Any CPU
		{AD3A3D99-291D-49DB-82EA-4433727B9C8A}.AppStore|Any CPU.Deploy.0 = Release|Any CPU
		{AD3A3D99-291D-49DB-82EA-4433727B9C8A}.AppStore|ARM.ActiveCfg = Debug|Any CPU
		{AD3A3D99-291D-49DB-82EA-4433727B9C8A}.AppStore|iPhone.ActiveCfg = Release|Any CPU
		{AD3A3D99-291D-49DB-82EA-4433727B9C8A}.AppStore|iPhone.Build.0 = Release|Any CPU
		{AD3A3D99-291D-49DB-82EA-4433727B9C8A}.AppStore|iPhone.Deploy.0 = Release|Any CPU
		{AD3A3D99-291D-49DB-82EA-4433727B9C8A}.AppStore|iPhoneSimulator.ActiveCfg = Release|Any CPU
		{AD3A3D99-291D-49DB-82EA-4433727B9C8A}.AppStore|iPhoneSimulator.Build.0 = Release|Any CPU
		{AD3A3D99-291D-49DB-82EA-4433727B9C8A}.AppStore|iPhoneSimulator.Deploy.0 = Release|Any CPU
		{AD3A3D99-291D-49DB-82EA-4433727B9C8A}.AppStore|Mixed Platforms.ActiveCfg = Debug|Any CPU
		{AD3A3D99-291D-49DB-82EA-4433727B9C8A}.AppStore|x64.ActiveCfg = Debug|Any CPU
		{AD3A3D99-291D-49DB-82EA-4433727B9C8A}.AppStore|x86.ActiveCfg = Release|Any CPU
		{AD3A3D99-291D-49DB-82EA-4433727B9C8A}.AppStore|x86.Build.0 = Release|Any CPU
		{AD3A3D99-291D-49DB-82EA-4433727B9C8A}.AppStore|x86.Deploy.0 = Release|Any CPU
		{AD3A3D99-291D-49DB-82EA-4433727B9C8A}.Debug|Any CPU.ActiveCfg = Debug|Any CPU
		{AD3A3D99-291D-49DB-82EA-4433727B9C8A}.Debug|Any CPU.Build.0 = Debug|Any CPU
		{AD3A3D99-291D-49DB-82EA-4433727B9C8A}.Debug|Any CPU.Deploy.0 = Debug|Any CPU
		{AD3A3D99-291D-49DB-82EA-4433727B9C8A}.Debug|ARM.ActiveCfg = Debug|Any CPU
		{AD3A3D99-291D-49DB-82EA-4433727B9C8A}.Debug|iPhone.ActiveCfg = Debug|Any CPU
		{AD3A3D99-291D-49DB-82EA-4433727B9C8A}.Debug|iPhone.Build.0 = Debug|Any CPU
		{AD3A3D99-291D-49DB-82EA-4433727B9C8A}.Debug|iPhone.Deploy.0 = Debug|Any CPU
		{AD3A3D99-291D-49DB-82EA-4433727B9C8A}.Debug|iPhoneSimulator.ActiveCfg = Debug|Any CPU
		{AD3A3D99-291D-49DB-82EA-4433727B9C8A}.Debug|iPhoneSimulator.Build.0 = Debug|Any CPU
		{AD3A3D99-291D-49DB-82EA-4433727B9C8A}.Debug|iPhoneSimulator.Deploy.0 = Debug|Any CPU
		{AD3A3D99-291D-49DB-82EA-4433727B9C8A}.Debug|Mixed Platforms.ActiveCfg = Debug|Any CPU
		{AD3A3D99-291D-49DB-82EA-4433727B9C8A}.Debug|x64.ActiveCfg = Debug|Any CPU
		{AD3A3D99-291D-49DB-82EA-4433727B9C8A}.Debug|x86.ActiveCfg = Debug|Any CPU
		{AD3A3D99-291D-49DB-82EA-4433727B9C8A}.Debug|x86.Build.0 = Debug|Any CPU
		{AD3A3D99-291D-49DB-82EA-4433727B9C8A}.Debug|x86.Deploy.0 = Debug|Any CPU
		{AD3A3D99-291D-49DB-82EA-4433727B9C8A}.Release|Any CPU.ActiveCfg = Release|Any CPU
		{AD3A3D99-291D-49DB-82EA-4433727B9C8A}.Release|Any CPU.Build.0 = Release|Any CPU
		{AD3A3D99-291D-49DB-82EA-4433727B9C8A}.Release|Any CPU.Deploy.0 = Release|Any CPU
		{AD3A3D99-291D-49DB-82EA-4433727B9C8A}.Release|ARM.ActiveCfg = Release|Any CPU
		{AD3A3D99-291D-49DB-82EA-4433727B9C8A}.Release|iPhone.ActiveCfg = Release|Any CPU
		{AD3A3D99-291D-49DB-82EA-4433727B9C8A}.Release|iPhone.Build.0 = Release|Any CPU
		{AD3A3D99-291D-49DB-82EA-4433727B9C8A}.Release|iPhone.Deploy.0 = Release|Any CPU
		{AD3A3D99-291D-49DB-82EA-4433727B9C8A}.Release|iPhoneSimulator.ActiveCfg = Release|Any CPU
		{AD3A3D99-291D-49DB-82EA-4433727B9C8A}.Release|iPhoneSimulator.Build.0 = Release|Any CPU
		{AD3A3D99-291D-49DB-82EA-4433727B9C8A}.Release|iPhoneSimulator.Deploy.0 = Release|Any CPU
		{AD3A3D99-291D-49DB-82EA-4433727B9C8A}.Release|Mixed Platforms.ActiveCfg = Release|Any CPU
		{AD3A3D99-291D-49DB-82EA-4433727B9C8A}.Release|x64.ActiveCfg = Release|Any CPU
		{AD3A3D99-291D-49DB-82EA-4433727B9C8A}.Release|x86.ActiveCfg = Release|Any CPU
		{AD3A3D99-291D-49DB-82EA-4433727B9C8A}.Release|x86.Build.0 = Release|Any CPU
		{AD3A3D99-291D-49DB-82EA-4433727B9C8A}.Release|x86.Deploy.0 = Release|Any CPU
		{BC9241B8-57A2-43B4-AFD1-2EF1D94EB2B1}.Ad-Hoc|Any CPU.ActiveCfg = Ad-Hoc|iPhone
		{BC9241B8-57A2-43B4-AFD1-2EF1D94EB2B1}.Ad-Hoc|ARM.ActiveCfg = Ad-Hoc|iPhoneSimulator
		{BC9241B8-57A2-43B4-AFD1-2EF1D94EB2B1}.Ad-Hoc|iPhone.ActiveCfg = Ad-Hoc|iPhone
		{BC9241B8-57A2-43B4-AFD1-2EF1D94EB2B1}.Ad-Hoc|iPhone.Build.0 = Ad-Hoc|iPhone
		{BC9241B8-57A2-43B4-AFD1-2EF1D94EB2B1}.Ad-Hoc|iPhoneSimulator.ActiveCfg = Ad-Hoc|iPhoneSimulator
		{BC9241B8-57A2-43B4-AFD1-2EF1D94EB2B1}.Ad-Hoc|iPhoneSimulator.Build.0 = Ad-Hoc|iPhoneSimulator
		{BC9241B8-57A2-43B4-AFD1-2EF1D94EB2B1}.Ad-Hoc|Mixed Platforms.ActiveCfg = Ad-Hoc|iPhoneSimulator
		{BC9241B8-57A2-43B4-AFD1-2EF1D94EB2B1}.Ad-Hoc|x64.ActiveCfg = Ad-Hoc|iPhoneSimulator
		{BC9241B8-57A2-43B4-AFD1-2EF1D94EB2B1}.Ad-Hoc|x86.ActiveCfg = Ad-Hoc|iPhone
		{BC9241B8-57A2-43B4-AFD1-2EF1D94EB2B1}.AppStore|Any CPU.ActiveCfg = AppStore|iPhone
		{BC9241B8-57A2-43B4-AFD1-2EF1D94EB2B1}.AppStore|ARM.ActiveCfg = AppStore|iPhoneSimulator
		{BC9241B8-57A2-43B4-AFD1-2EF1D94EB2B1}.AppStore|iPhone.ActiveCfg = AppStore|iPhone
		{BC9241B8-57A2-43B4-AFD1-2EF1D94EB2B1}.AppStore|iPhone.Build.0 = AppStore|iPhone
		{BC9241B8-57A2-43B4-AFD1-2EF1D94EB2B1}.AppStore|iPhoneSimulator.ActiveCfg = AppStore|iPhoneSimulator
		{BC9241B8-57A2-43B4-AFD1-2EF1D94EB2B1}.AppStore|iPhoneSimulator.Build.0 = AppStore|iPhoneSimulator
		{BC9241B8-57A2-43B4-AFD1-2EF1D94EB2B1}.AppStore|Mixed Platforms.ActiveCfg = AppStore|iPhoneSimulator
		{BC9241B8-57A2-43B4-AFD1-2EF1D94EB2B1}.AppStore|x64.ActiveCfg = AppStore|iPhoneSimulator
		{BC9241B8-57A2-43B4-AFD1-2EF1D94EB2B1}.AppStore|x86.ActiveCfg = AppStore|iPhone
		{BC9241B8-57A2-43B4-AFD1-2EF1D94EB2B1}.Debug|Any CPU.ActiveCfg = Debug|iPhone
		{BC9241B8-57A2-43B4-AFD1-2EF1D94EB2B1}.Debug|Any CPU.Build.0 = Debug|iPhone
		{BC9241B8-57A2-43B4-AFD1-2EF1D94EB2B1}.Debug|ARM.ActiveCfg = Debug|iPhoneSimulator
		{BC9241B8-57A2-43B4-AFD1-2EF1D94EB2B1}.Debug|iPhone.ActiveCfg = Debug|iPhone
		{BC9241B8-57A2-43B4-AFD1-2EF1D94EB2B1}.Debug|iPhone.Build.0 = Debug|iPhone
		{BC9241B8-57A2-43B4-AFD1-2EF1D94EB2B1}.Debug|iPhoneSimulator.ActiveCfg = Debug|iPhoneSimulator
		{BC9241B8-57A2-43B4-AFD1-2EF1D94EB2B1}.Debug|iPhoneSimulator.Build.0 = Debug|iPhoneSimulator
		{BC9241B8-57A2-43B4-AFD1-2EF1D94EB2B1}.Debug|Mixed Platforms.ActiveCfg = Debug|iPhoneSimulator
		{BC9241B8-57A2-43B4-AFD1-2EF1D94EB2B1}.Debug|x64.ActiveCfg = Debug|iPhoneSimulator
		{BC9241B8-57A2-43B4-AFD1-2EF1D94EB2B1}.Debug|x86.ActiveCfg = Debug|iPhone
		{BC9241B8-57A2-43B4-AFD1-2EF1D94EB2B1}.Release|Any CPU.ActiveCfg = Release|iPhone
		{BC9241B8-57A2-43B4-AFD1-2EF1D94EB2B1}.Release|ARM.ActiveCfg = Release|iPhoneSimulator
		{BC9241B8-57A2-43B4-AFD1-2EF1D94EB2B1}.Release|iPhone.ActiveCfg = Release|iPhone
		{BC9241B8-57A2-43B4-AFD1-2EF1D94EB2B1}.Release|iPhone.Build.0 = Release|iPhone
		{BC9241B8-57A2-43B4-AFD1-2EF1D94EB2B1}.Release|iPhoneSimulator.ActiveCfg = Release|iPhoneSimulator
		{BC9241B8-57A2-43B4-AFD1-2EF1D94EB2B1}.Release|iPhoneSimulator.Build.0 = Release|iPhoneSimulator
		{BC9241B8-57A2-43B4-AFD1-2EF1D94EB2B1}.Release|Mixed Platforms.ActiveCfg = Release|iPhoneSimulator
		{BC9241B8-57A2-43B4-AFD1-2EF1D94EB2B1}.Release|x64.ActiveCfg = Release|iPhoneSimulator
		{BC9241B8-57A2-43B4-AFD1-2EF1D94EB2B1}.Release|x86.ActiveCfg = Release|iPhone
		{A0778009-BE06-4DD2-8F41-8E9F665F385F}.Ad-Hoc|Any CPU.ActiveCfg = Release|Any CPU
		{A0778009-BE06-4DD2-8F41-8E9F665F385F}.Ad-Hoc|Any CPU.Build.0 = Release|Any CPU
		{A0778009-BE06-4DD2-8F41-8E9F665F385F}.Ad-Hoc|ARM.ActiveCfg = Debug|Any CPU
		{A0778009-BE06-4DD2-8F41-8E9F665F385F}.Ad-Hoc|iPhone.ActiveCfg = Release|Any CPU
		{A0778009-BE06-4DD2-8F41-8E9F665F385F}.Ad-Hoc|iPhone.Build.0 = Release|Any CPU
		{A0778009-BE06-4DD2-8F41-8E9F665F385F}.Ad-Hoc|iPhoneSimulator.ActiveCfg = Release|Any CPU
		{A0778009-BE06-4DD2-8F41-8E9F665F385F}.Ad-Hoc|iPhoneSimulator.Build.0 = Release|Any CPU
		{A0778009-BE06-4DD2-8F41-8E9F665F385F}.Ad-Hoc|Mixed Platforms.ActiveCfg = Debug|Any CPU
		{A0778009-BE06-4DD2-8F41-8E9F665F385F}.Ad-Hoc|Mixed Platforms.Build.0 = Debug|Any CPU
		{A0778009-BE06-4DD2-8F41-8E9F665F385F}.Ad-Hoc|x64.ActiveCfg = Debug|Any CPU
		{A0778009-BE06-4DD2-8F41-8E9F665F385F}.Ad-Hoc|x86.ActiveCfg = Release|Any CPU
		{A0778009-BE06-4DD2-8F41-8E9F665F385F}.Ad-Hoc|x86.Build.0 = Release|Any CPU
		{A0778009-BE06-4DD2-8F41-8E9F665F385F}.AppStore|Any CPU.ActiveCfg = Release|Any CPU
		{A0778009-BE06-4DD2-8F41-8E9F665F385F}.AppStore|Any CPU.Build.0 = Release|Any CPU
		{A0778009-BE06-4DD2-8F41-8E9F665F385F}.AppStore|ARM.ActiveCfg = Debug|Any CPU
		{A0778009-BE06-4DD2-8F41-8E9F665F385F}.AppStore|iPhone.ActiveCfg = Release|Any CPU
		{A0778009-BE06-4DD2-8F41-8E9F665F385F}.AppStore|iPhone.Build.0 = Release|Any CPU
		{A0778009-BE06-4DD2-8F41-8E9F665F385F}.AppStore|iPhoneSimulator.ActiveCfg = Release|Any CPU
		{A0778009-BE06-4DD2-8F41-8E9F665F385F}.AppStore|iPhoneSimulator.Build.0 = Release|Any CPU
		{A0778009-BE06-4DD2-8F41-8E9F665F385F}.AppStore|Mixed Platforms.ActiveCfg = Debug|Any CPU
		{A0778009-BE06-4DD2-8F41-8E9F665F385F}.AppStore|Mixed Platforms.Build.0 = Debug|Any CPU
		{A0778009-BE06-4DD2-8F41-8E9F665F385F}.AppStore|x64.ActiveCfg = Debug|Any CPU
		{A0778009-BE06-4DD2-8F41-8E9F665F385F}.AppStore|x86.ActiveCfg = Release|Any CPU
		{A0778009-BE06-4DD2-8F41-8E9F665F385F}.AppStore|x86.Build.0 = Release|Any CPU
		{A0778009-BE06-4DD2-8F41-8E9F665F385F}.Debug|Any CPU.ActiveCfg = Debug|Any CPU
		{A0778009-BE06-4DD2-8F41-8E9F665F385F}.Debug|Any CPU.Build.0 = Debug|Any CPU
		{A0778009-BE06-4DD2-8F41-8E9F665F385F}.Debug|ARM.ActiveCfg = Debug|Any CPU
		{A0778009-BE06-4DD2-8F41-8E9F665F385F}.Debug|iPhone.ActiveCfg = Debug|Any CPU
		{A0778009-BE06-4DD2-8F41-8E9F665F385F}.Debug|iPhone.Build.0 = Debug|Any CPU
		{A0778009-BE06-4DD2-8F41-8E9F665F385F}.Debug|iPhoneSimulator.ActiveCfg = Debug|Any CPU
		{A0778009-BE06-4DD2-8F41-8E9F665F385F}.Debug|iPhoneSimulator.Build.0 = Debug|Any CPU
		{A0778009-BE06-4DD2-8F41-8E9F665F385F}.Debug|Mixed Platforms.ActiveCfg = Debug|Any CPU
		{A0778009-BE06-4DD2-8F41-8E9F665F385F}.Debug|Mixed Platforms.Build.0 = Debug|Any CPU
		{A0778009-BE06-4DD2-8F41-8E9F665F385F}.Debug|x64.ActiveCfg = Debug|Any CPU
		{A0778009-BE06-4DD2-8F41-8E9F665F385F}.Debug|x86.ActiveCfg = Debug|Any CPU
		{A0778009-BE06-4DD2-8F41-8E9F665F385F}.Debug|x86.Build.0 = Debug|Any CPU
		{A0778009-BE06-4DD2-8F41-8E9F665F385F}.Release|Any CPU.ActiveCfg = Release|Any CPU
		{A0778009-BE06-4DD2-8F41-8E9F665F385F}.Release|Any CPU.Build.0 = Release|Any CPU
		{A0778009-BE06-4DD2-8F41-8E9F665F385F}.Release|ARM.ActiveCfg = Release|Any CPU
		{A0778009-BE06-4DD2-8F41-8E9F665F385F}.Release|iPhone.ActiveCfg = Release|Any CPU
		{A0778009-BE06-4DD2-8F41-8E9F665F385F}.Release|iPhone.Build.0 = Release|Any CPU
		{A0778009-BE06-4DD2-8F41-8E9F665F385F}.Release|iPhoneSimulator.ActiveCfg = Release|Any CPU
		{A0778009-BE06-4DD2-8F41-8E9F665F385F}.Release|iPhoneSimulator.Build.0 = Release|Any CPU
		{A0778009-BE06-4DD2-8F41-8E9F665F385F}.Release|Mixed Platforms.ActiveCfg = Release|Any CPU
		{A0778009-BE06-4DD2-8F41-8E9F665F385F}.Release|Mixed Platforms.Build.0 = Release|Any CPU
		{A0778009-BE06-4DD2-8F41-8E9F665F385F}.Release|x64.ActiveCfg = Release|Any CPU
		{A0778009-BE06-4DD2-8F41-8E9F665F385F}.Release|x86.ActiveCfg = Release|Any CPU
		{A0778009-BE06-4DD2-8F41-8E9F665F385F}.Release|x86.Build.0 = Release|Any CPU
		{01EF9E28-012D-4414-9D13-C9DDE6D2CD42}.Ad-Hoc|Any CPU.ActiveCfg = Release|Any CPU
		{01EF9E28-012D-4414-9D13-C9DDE6D2CD42}.Ad-Hoc|Any CPU.Build.0 = Release|Any CPU
		{01EF9E28-012D-4414-9D13-C9DDE6D2CD42}.Ad-Hoc|ARM.ActiveCfg = Debug|Any CPU
		{01EF9E28-012D-4414-9D13-C9DDE6D2CD42}.Ad-Hoc|iPhone.ActiveCfg = Release|Any CPU
		{01EF9E28-012D-4414-9D13-C9DDE6D2CD42}.Ad-Hoc|iPhone.Build.0 = Release|Any CPU
		{01EF9E28-012D-4414-9D13-C9DDE6D2CD42}.Ad-Hoc|iPhoneSimulator.ActiveCfg = Release|Any CPU
		{01EF9E28-012D-4414-9D13-C9DDE6D2CD42}.Ad-Hoc|iPhoneSimulator.Build.0 = Release|Any CPU
		{01EF9E28-012D-4414-9D13-C9DDE6D2CD42}.Ad-Hoc|Mixed Platforms.ActiveCfg = Debug|Any CPU
		{01EF9E28-012D-4414-9D13-C9DDE6D2CD42}.Ad-Hoc|Mixed Platforms.Build.0 = Debug|Any CPU
		{01EF9E28-012D-4414-9D13-C9DDE6D2CD42}.Ad-Hoc|x64.ActiveCfg = Debug|Any CPU
		{01EF9E28-012D-4414-9D13-C9DDE6D2CD42}.Ad-Hoc|x86.ActiveCfg = Release|Any CPU
		{01EF9E28-012D-4414-9D13-C9DDE6D2CD42}.Ad-Hoc|x86.Build.0 = Release|Any CPU
		{01EF9E28-012D-4414-9D13-C9DDE6D2CD42}.AppStore|Any CPU.ActiveCfg = Release|Any CPU
		{01EF9E28-012D-4414-9D13-C9DDE6D2CD42}.AppStore|Any CPU.Build.0 = Release|Any CPU
		{01EF9E28-012D-4414-9D13-C9DDE6D2CD42}.AppStore|ARM.ActiveCfg = Debug|Any CPU
		{01EF9E28-012D-4414-9D13-C9DDE6D2CD42}.AppStore|iPhone.ActiveCfg = Release|Any CPU
		{01EF9E28-012D-4414-9D13-C9DDE6D2CD42}.AppStore|iPhone.Build.0 = Release|Any CPU
		{01EF9E28-012D-4414-9D13-C9DDE6D2CD42}.AppStore|iPhoneSimulator.ActiveCfg = Release|Any CPU
		{01EF9E28-012D-4414-9D13-C9DDE6D2CD42}.AppStore|iPhoneSimulator.Build.0 = Release|Any CPU
		{01EF9E28-012D-4414-9D13-C9DDE6D2CD42}.AppStore|Mixed Platforms.ActiveCfg = Debug|Any CPU
		{01EF9E28-012D-4414-9D13-C9DDE6D2CD42}.AppStore|Mixed Platforms.Build.0 = Debug|Any CPU
		{01EF9E28-012D-4414-9D13-C9DDE6D2CD42}.AppStore|x64.ActiveCfg = Debug|Any CPU
		{01EF9E28-012D-4414-9D13-C9DDE6D2CD42}.AppStore|x86.ActiveCfg = Release|Any CPU
		{01EF9E28-012D-4414-9D13-C9DDE6D2CD42}.AppStore|x86.Build.0 = Release|Any CPU
		{01EF9E28-012D-4414-9D13-C9DDE6D2CD42}.Debug|Any CPU.ActiveCfg = Debug|Any CPU
		{01EF9E28-012D-4414-9D13-C9DDE6D2CD42}.Debug|Any CPU.Build.0 = Debug|Any CPU
		{01EF9E28-012D-4414-9D13-C9DDE6D2CD42}.Debug|ARM.ActiveCfg = Debug|Any CPU
		{01EF9E28-012D-4414-9D13-C9DDE6D2CD42}.Debug|iPhone.ActiveCfg = Debug|Any CPU
		{01EF9E28-012D-4414-9D13-C9DDE6D2CD42}.Debug|iPhone.Build.0 = Debug|Any CPU
		{01EF9E28-012D-4414-9D13-C9DDE6D2CD42}.Debug|iPhoneSimulator.ActiveCfg = Debug|Any CPU
		{01EF9E28-012D-4414-9D13-C9DDE6D2CD42}.Debug|iPhoneSimulator.Build.0 = Debug|Any CPU
		{01EF9E28-012D-4414-9D13-C9DDE6D2CD42}.Debug|Mixed Platforms.ActiveCfg = Debug|Any CPU
		{01EF9E28-012D-4414-9D13-C9DDE6D2CD42}.Debug|Mixed Platforms.Build.0 = Debug|Any CPU
		{01EF9E28-012D-4414-9D13-C9DDE6D2CD42}.Debug|x64.ActiveCfg = Debug|Any CPU
		{01EF9E28-012D-4414-9D13-C9DDE6D2CD42}.Debug|x86.ActiveCfg = Debug|Any CPU
		{01EF9E28-012D-4414-9D13-C9DDE6D2CD42}.Debug|x86.Build.0 = Debug|Any CPU
		{01EF9E28-012D-4414-9D13-C9DDE6D2CD42}.Release|Any CPU.ActiveCfg = Release|Any CPU
		{01EF9E28-012D-4414-9D13-C9DDE6D2CD42}.Release|Any CPU.Build.0 = Release|Any CPU
		{01EF9E28-012D-4414-9D13-C9DDE6D2CD42}.Release|ARM.ActiveCfg = Release|Any CPU
		{01EF9E28-012D-4414-9D13-C9DDE6D2CD42}.Release|iPhone.ActiveCfg = Release|Any CPU
		{01EF9E28-012D-4414-9D13-C9DDE6D2CD42}.Release|iPhone.Build.0 = Release|Any CPU
		{01EF9E28-012D-4414-9D13-C9DDE6D2CD42}.Release|iPhoneSimulator.ActiveCfg = Release|Any CPU
		{01EF9E28-012D-4414-9D13-C9DDE6D2CD42}.Release|iPhoneSimulator.Build.0 = Release|Any CPU
		{01EF9E28-012D-4414-9D13-C9DDE6D2CD42}.Release|Mixed Platforms.ActiveCfg = Release|Any CPU
		{01EF9E28-012D-4414-9D13-C9DDE6D2CD42}.Release|Mixed Platforms.Build.0 = Release|Any CPU
		{01EF9E28-012D-4414-9D13-C9DDE6D2CD42}.Release|x64.ActiveCfg = Release|Any CPU
		{01EF9E28-012D-4414-9D13-C9DDE6D2CD42}.Release|x86.ActiveCfg = Release|Any CPU
		{01EF9E28-012D-4414-9D13-C9DDE6D2CD42}.Release|x86.Build.0 = Release|Any CPU
		{C7907EE3-C807-4198-9CB4-B23CAB7F07B0}.Ad-Hoc|Any CPU.ActiveCfg = Release|Any CPU
		{C7907EE3-C807-4198-9CB4-B23CAB7F07B0}.Ad-Hoc|Any CPU.Build.0 = Release|Any CPU
		{C7907EE3-C807-4198-9CB4-B23CAB7F07B0}.Ad-Hoc|Any CPU.Deploy.0 = Release|Any CPU
		{C7907EE3-C807-4198-9CB4-B23CAB7F07B0}.Ad-Hoc|ARM.ActiveCfg = Release|ARM
		{C7907EE3-C807-4198-9CB4-B23CAB7F07B0}.Ad-Hoc|ARM.Build.0 = Release|ARM
		{C7907EE3-C807-4198-9CB4-B23CAB7F07B0}.Ad-Hoc|ARM.Deploy.0 = Release|ARM
		{C7907EE3-C807-4198-9CB4-B23CAB7F07B0}.Ad-Hoc|iPhone.ActiveCfg = Release|Any CPU
		{C7907EE3-C807-4198-9CB4-B23CAB7F07B0}.Ad-Hoc|iPhoneSimulator.ActiveCfg = Release|Any CPU
		{C7907EE3-C807-4198-9CB4-B23CAB7F07B0}.Ad-Hoc|Mixed Platforms.ActiveCfg = Release|x86
		{C7907EE3-C807-4198-9CB4-B23CAB7F07B0}.Ad-Hoc|Mixed Platforms.Build.0 = Release|x86
		{C7907EE3-C807-4198-9CB4-B23CAB7F07B0}.Ad-Hoc|Mixed Platforms.Deploy.0 = Release|x86
		{C7907EE3-C807-4198-9CB4-B23CAB7F07B0}.Ad-Hoc|x64.ActiveCfg = Release|x64
		{C7907EE3-C807-4198-9CB4-B23CAB7F07B0}.Ad-Hoc|x64.Build.0 = Release|x64
		{C7907EE3-C807-4198-9CB4-B23CAB7F07B0}.Ad-Hoc|x64.Deploy.0 = Release|x64
		{C7907EE3-C807-4198-9CB4-B23CAB7F07B0}.Ad-Hoc|x86.ActiveCfg = Release|x86
		{C7907EE3-C807-4198-9CB4-B23CAB7F07B0}.Ad-Hoc|x86.Build.0 = Release|x86
		{C7907EE3-C807-4198-9CB4-B23CAB7F07B0}.Ad-Hoc|x86.Deploy.0 = Release|x86
		{C7907EE3-C807-4198-9CB4-B23CAB7F07B0}.AppStore|Any CPU.ActiveCfg = Release|Any CPU
		{C7907EE3-C807-4198-9CB4-B23CAB7F07B0}.AppStore|Any CPU.Build.0 = Release|Any CPU
		{C7907EE3-C807-4198-9CB4-B23CAB7F07B0}.AppStore|Any CPU.Deploy.0 = Release|Any CPU
		{C7907EE3-C807-4198-9CB4-B23CAB7F07B0}.AppStore|ARM.ActiveCfg = Release|ARM
		{C7907EE3-C807-4198-9CB4-B23CAB7F07B0}.AppStore|ARM.Build.0 = Release|ARM
		{C7907EE3-C807-4198-9CB4-B23CAB7F07B0}.AppStore|ARM.Deploy.0 = Release|ARM
		{C7907EE3-C807-4198-9CB4-B23CAB7F07B0}.AppStore|iPhone.ActiveCfg = Release|Any CPU
		{C7907EE3-C807-4198-9CB4-B23CAB7F07B0}.AppStore|iPhoneSimulator.ActiveCfg = Release|Any CPU
		{C7907EE3-C807-4198-9CB4-B23CAB7F07B0}.AppStore|Mixed Platforms.ActiveCfg = Release|x86
		{C7907EE3-C807-4198-9CB4-B23CAB7F07B0}.AppStore|Mixed Platforms.Build.0 = Release|x86
		{C7907EE3-C807-4198-9CB4-B23CAB7F07B0}.AppStore|Mixed Platforms.Deploy.0 = Release|x86
		{C7907EE3-C807-4198-9CB4-B23CAB7F07B0}.AppStore|x64.ActiveCfg = Release|x64
		{C7907EE3-C807-4198-9CB4-B23CAB7F07B0}.AppStore|x64.Build.0 = Release|x64
		{C7907EE3-C807-4198-9CB4-B23CAB7F07B0}.AppStore|x64.Deploy.0 = Release|x64
		{C7907EE3-C807-4198-9CB4-B23CAB7F07B0}.AppStore|x86.ActiveCfg = Release|x86
		{C7907EE3-C807-4198-9CB4-B23CAB7F07B0}.AppStore|x86.Build.0 = Release|x86
		{C7907EE3-C807-4198-9CB4-B23CAB7F07B0}.AppStore|x86.Deploy.0 = Release|x86
		{C7907EE3-C807-4198-9CB4-B23CAB7F07B0}.Debug|Any CPU.ActiveCfg = Debug|Any CPU
		{C7907EE3-C807-4198-9CB4-B23CAB7F07B0}.Debug|Any CPU.Build.0 = Debug|Any CPU
		{C7907EE3-C807-4198-9CB4-B23CAB7F07B0}.Debug|Any CPU.Deploy.0 = Debug|Any CPU
		{C7907EE3-C807-4198-9CB4-B23CAB7F07B0}.Debug|ARM.ActiveCfg = Debug|ARM
		{C7907EE3-C807-4198-9CB4-B23CAB7F07B0}.Debug|ARM.Build.0 = Debug|ARM
		{C7907EE3-C807-4198-9CB4-B23CAB7F07B0}.Debug|ARM.Deploy.0 = Debug|ARM
		{C7907EE3-C807-4198-9CB4-B23CAB7F07B0}.Debug|iPhone.ActiveCfg = Debug|Any CPU
		{C7907EE3-C807-4198-9CB4-B23CAB7F07B0}.Debug|iPhoneSimulator.ActiveCfg = Debug|Any CPU
		{C7907EE3-C807-4198-9CB4-B23CAB7F07B0}.Debug|Mixed Platforms.ActiveCfg = Debug|x86
		{C7907EE3-C807-4198-9CB4-B23CAB7F07B0}.Debug|Mixed Platforms.Build.0 = Debug|x86
		{C7907EE3-C807-4198-9CB4-B23CAB7F07B0}.Debug|Mixed Platforms.Deploy.0 = Debug|x86
		{C7907EE3-C807-4198-9CB4-B23CAB7F07B0}.Debug|x64.ActiveCfg = Debug|x64
		{C7907EE3-C807-4198-9CB4-B23CAB7F07B0}.Debug|x64.Build.0 = Debug|x64
		{C7907EE3-C807-4198-9CB4-B23CAB7F07B0}.Debug|x64.Deploy.0 = Debug|x64
		{C7907EE3-C807-4198-9CB4-B23CAB7F07B0}.Debug|x86.ActiveCfg = Debug|x86
		{C7907EE3-C807-4198-9CB4-B23CAB7F07B0}.Debug|x86.Build.0 = Debug|x86
		{C7907EE3-C807-4198-9CB4-B23CAB7F07B0}.Debug|x86.Deploy.0 = Debug|x86
		{C7907EE3-C807-4198-9CB4-B23CAB7F07B0}.Release|Any CPU.ActiveCfg = Release|Any CPU
		{C7907EE3-C807-4198-9CB4-B23CAB7F07B0}.Release|Any CPU.Build.0 = Release|Any CPU
		{C7907EE3-C807-4198-9CB4-B23CAB7F07B0}.Release|Any CPU.Deploy.0 = Release|Any CPU
		{C7907EE3-C807-4198-9CB4-B23CAB7F07B0}.Release|ARM.ActiveCfg = Release|ARM
		{C7907EE3-C807-4198-9CB4-B23CAB7F07B0}.Release|ARM.Build.0 = Release|ARM
		{C7907EE3-C807-4198-9CB4-B23CAB7F07B0}.Release|ARM.Deploy.0 = Release|ARM
		{C7907EE3-C807-4198-9CB4-B23CAB7F07B0}.Release|iPhone.ActiveCfg = Release|Any CPU
		{C7907EE3-C807-4198-9CB4-B23CAB7F07B0}.Release|iPhoneSimulator.ActiveCfg = Release|Any CPU
		{C7907EE3-C807-4198-9CB4-B23CAB7F07B0}.Release|Mixed Platforms.ActiveCfg = Release|x86
		{C7907EE3-C807-4198-9CB4-B23CAB7F07B0}.Release|Mixed Platforms.Build.0 = Release|x86
		{C7907EE3-C807-4198-9CB4-B23CAB7F07B0}.Release|Mixed Platforms.Deploy.0 = Release|x86
		{C7907EE3-C807-4198-9CB4-B23CAB7F07B0}.Release|x64.ActiveCfg = Release|x64
		{C7907EE3-C807-4198-9CB4-B23CAB7F07B0}.Release|x64.Build.0 = Release|x64
		{C7907EE3-C807-4198-9CB4-B23CAB7F07B0}.Release|x64.Deploy.0 = Release|x64
		{C7907EE3-C807-4198-9CB4-B23CAB7F07B0}.Release|x86.ActiveCfg = Release|x86
		{C7907EE3-C807-4198-9CB4-B23CAB7F07B0}.Release|x86.Build.0 = Release|x86
		{C7907EE3-C807-4198-9CB4-B23CAB7F07B0}.Release|x86.Deploy.0 = Release|x86
	EndGlobalSection
	GlobalSection(SolutionProperties) = preSolution
		HideSolutionNode = FALSE
	EndGlobalSection
	GlobalSection(NestedProjects) = preSolution
		{CDAF3542-C333-4DDD-A50F-B339F6ACC208} = {ABC52BB5-5C92-4F8E-8A0A-172F0407CEDE}
		{AD3A3D99-291D-49DB-82EA-4433727B9C8A} = {ABC52BB5-5C92-4F8E-8A0A-172F0407CEDE}
		{BC9241B8-57A2-43B4-AFD1-2EF1D94EB2B1} = {ABC52BB5-5C92-4F8E-8A0A-172F0407CEDE}
		{A0778009-BE06-4DD2-8F41-8E9F665F385F} = {ABC52BB5-5C92-4F8E-8A0A-172F0407CEDE}
		{C7907EE3-C807-4198-9CB4-B23CAB7F07B0} = {ABC52BB5-5C92-4F8E-8A0A-172F0407CEDE}
	EndGlobalSection
EndGlobal
