
Microsoft Visual Studio Solution File, Format Version 12.00
# Visual Studio 14
VisualStudioVersion = 14.0.25420.1
MinimumVisualStudioVersion = 10.0.40219.1
Project("{2150E333-8FDC-42A3-9474-1A3956D46DE8}") = "Demos", "Demos", "{ABC52BB5-5C92-4F8E-8A0A-172F0407CEDE}"
EndProject
Project("{FAE04EC0-301F-11D3-BF4B-00C04F79EFBC}") = "Demos.DesktopGl", "Demos.DesktopGl\Demos.DesktopGl.csproj", "{CDAF3542-C333-4DDD-A50F-B339F6ACC208}"
EndProject
Project("{FAE04EC0-301F-11D3-BF4B-00C04F79EFBC}") = "Demos", "Demos\Demos.csproj", "{A0778009-BE06-4DD2-8F41-8E9F665F385F}"
EndProject
Project("{2150E333-8FDC-42A3-9474-1A3956D46DE8}") = "Tests", "Tests", "{6DC370DA-5966-4B2D-B82F-F451AE18B450}"
EndProject
Project("{FAE04EC0-301F-11D3-BF4B-00C04F79EFBC}") = "Demos.iOS", "Demos.iOS\Demos.iOS.csproj", "{92C3BB58-E56E-4FA0-AD15-83A1DF2EEBD9}"
EndProject
Project("{FAE04EC0-301F-11D3-BF4B-00C04F79EFBC}") = "GameFrame", "GameFrame\GameFrame.csproj", "{645B4968-1B54-41A3-A490-CB10C10CDC83}"
EndProject
Project("{D954291E-2A0B-460D-934E-DC6B0785DB48}") = "Demos.MobileShared", "Demos.MobileShared\Demos.MobileShared.shproj", "{E4DC2861-65F1-460E-BCF9-B91D32BF6423}"
EndProject
Project("{FAE04EC0-301F-11D3-BF4B-00C04F79EFBC}") = "GameFrame.ContentPipeline", "GameFrame.ContentPipeline\GameFrame.ContentPipeline.csproj", "{62B3B29A-65D1-4140-AF65-939B52887DB6}"
EndProject
Project("{FAE04EC0-301F-11D3-BF4B-00C04F79EFBC}") = "GameFrame.Tests", "GameFrame.Tests\GameFrame.Tests.csproj", "{53D6F8B6-0164-41C3-A1AD-BDD267E99F10}"
EndProject
Project("{FAE04EC0-301F-11D3-BF4B-00C04F79EFBC}") = "Demos.Droid", "Demos.Droid\Demos.Droid.csproj", "{B8537D51-9877-46B3-80F1-55B3E6DF52A0}"
EndProject
Project("{FAE04EC0-301F-11D3-BF4B-00C04F79EFBC}") = "Demos.Windows", "Demos.Windows\Demos.Windows.csproj", "{B4AC93D3-6EF7-46CA-AEE9-CC2D9F600A39}"
EndProject
Global
	GlobalSection(SharedMSBuildProjectFiles) = preSolution
		Demos.MobileShared\Demos.MobileShared.projitems*{92c3bb58-e56e-4fa0-ad15-83a1df2eebd9}*SharedItemsImports = 4
		Demos.MobileShared\Demos.MobileShared.projitems*{b8537d51-9877-46b3-80f1-55b3e6df52a0}*SharedItemsImports = 4
		Demos.MobileShared\Demos.MobileShared.projitems*{e4dc2861-65f1-460e-bcf9-b91d32bf6423}*SharedItemsImports = 13
	EndGlobalSection
	GlobalSection(SolutionConfigurationPlatforms) = preSolution
		Ad-Hoc|Any CPU = Ad-Hoc|Any CPU
		Ad-Hoc|ARM = Ad-Hoc|ARM
		Ad-Hoc|iPhone = Ad-Hoc|iPhone
		Ad-Hoc|iPhoneSimulator = Ad-Hoc|iPhoneSimulator
		Ad-Hoc|Mixed Platforms = Ad-Hoc|Mixed Platforms
		Ad-Hoc|x64 = Ad-Hoc|x64
		Ad-Hoc|x86 = Ad-Hoc|x86
		AppStore|Any CPU = AppStore|Any CPU
		AppStore|ARM = AppStore|ARM
		AppStore|iPhone = AppStore|iPhone
		AppStore|iPhoneSimulator = AppStore|iPhoneSimulator
		AppStore|Mixed Platforms = AppStore|Mixed Platforms
		AppStore|x64 = AppStore|x64
		AppStore|x86 = AppStore|x86
		Debug|Any CPU = Debug|Any CPU
		Debug|ARM = Debug|ARM
		Debug|iPhone = Debug|iPhone
		Debug|iPhoneSimulator = Debug|iPhoneSimulator
		Debug|Mixed Platforms = Debug|Mixed Platforms
		Debug|x64 = Debug|x64
		Debug|x86 = Debug|x86
		Release|Any CPU = Release|Any CPU
		Release|ARM = Release|ARM
		Release|iPhone = Release|iPhone
		Release|iPhoneSimulator = Release|iPhoneSimulator
		Release|Mixed Platforms = Release|Mixed Platforms
		Release|x64 = Release|x64
		Release|x86 = Release|x86
	EndGlobalSection
	GlobalSection(ProjectConfigurationPlatforms) = postSolution
		{CDAF3542-C333-4DDD-A50F-B339F6ACC208}.Ad-Hoc|Any CPU.ActiveCfg = Release|x86
		{CDAF3542-C333-4DDD-A50F-B339F6ACC208}.Ad-Hoc|Any CPU.Build.0 = Release|x86
		{CDAF3542-C333-4DDD-A50F-B339F6ACC208}.Ad-Hoc|ARM.ActiveCfg = Debug|x86
		{CDAF3542-C333-4DDD-A50F-B339F6ACC208}.Ad-Hoc|iPhone.ActiveCfg = Release|x86
		{CDAF3542-C333-4DDD-A50F-B339F6ACC208}.Ad-Hoc|iPhone.Build.0 = Release|x86
		{CDAF3542-C333-4DDD-A50F-B339F6ACC208}.Ad-Hoc|iPhoneSimulator.ActiveCfg = Release|x86
		{CDAF3542-C333-4DDD-A50F-B339F6ACC208}.Ad-Hoc|iPhoneSimulator.Build.0 = Release|x86
		{CDAF3542-C333-4DDD-A50F-B339F6ACC208}.Ad-Hoc|Mixed Platforms.ActiveCfg = Debug|x86
		{CDAF3542-C333-4DDD-A50F-B339F6ACC208}.Ad-Hoc|Mixed Platforms.Build.0 = Debug|x86
		{CDAF3542-C333-4DDD-A50F-B339F6ACC208}.Ad-Hoc|x64.ActiveCfg = Debug|x86
		{CDAF3542-C333-4DDD-A50F-B339F6ACC208}.Ad-Hoc|x86.ActiveCfg = Release|x86
		{CDAF3542-C333-4DDD-A50F-B339F6ACC208}.Ad-Hoc|x86.Build.0 = Release|x86
		{CDAF3542-C333-4DDD-A50F-B339F6ACC208}.AppStore|Any CPU.ActiveCfg = Release|x86
		{CDAF3542-C333-4DDD-A50F-B339F6ACC208}.AppStore|Any CPU.Build.0 = Release|x86
		{CDAF3542-C333-4DDD-A50F-B339F6ACC208}.AppStore|ARM.ActiveCfg = Debug|x86
		{CDAF3542-C333-4DDD-A50F-B339F6ACC208}.AppStore|iPhone.ActiveCfg = Release|x86
		{CDAF3542-C333-4DDD-A50F-B339F6ACC208}.AppStore|iPhone.Build.0 = Release|x86
		{CDAF3542-C333-4DDD-A50F-B339F6ACC208}.AppStore|iPhoneSimulator.ActiveCfg = Release|x86
		{CDAF3542-C333-4DDD-A50F-B339F6ACC208}.AppStore|iPhoneSimulator.Build.0 = Release|x86
		{CDAF3542-C333-4DDD-A50F-B339F6ACC208}.AppStore|Mixed Platforms.ActiveCfg = Debug|x86
		{CDAF3542-C333-4DDD-A50F-B339F6ACC208}.AppStore|Mixed Platforms.Build.0 = Debug|x86
		{CDAF3542-C333-4DDD-A50F-B339F6ACC208}.AppStore|x64.ActiveCfg = Debug|x86
		{CDAF3542-C333-4DDD-A50F-B339F6ACC208}.AppStore|x86.ActiveCfg = Release|x86
		{CDAF3542-C333-4DDD-A50F-B339F6ACC208}.AppStore|x86.Build.0 = Release|x86
		{CDAF3542-C333-4DDD-A50F-B339F6ACC208}.Debug|Any CPU.ActiveCfg = Debug|x86
		{CDAF3542-C333-4DDD-A50F-B339F6ACC208}.Debug|Any CPU.Build.0 = Debug|x86
		{CDAF3542-C333-4DDD-A50F-B339F6ACC208}.Debug|ARM.ActiveCfg = Debug|x86
		{CDAF3542-C333-4DDD-A50F-B339F6ACC208}.Debug|iPhone.ActiveCfg = Debug|x86
		{CDAF3542-C333-4DDD-A50F-B339F6ACC208}.Debug|iPhone.Build.0 = Debug|x86
		{CDAF3542-C333-4DDD-A50F-B339F6ACC208}.Debug|iPhoneSimulator.ActiveCfg = Debug|x86
		{CDAF3542-C333-4DDD-A50F-B339F6ACC208}.Debug|iPhoneSimulator.Build.0 = Debug|x86
		{CDAF3542-C333-4DDD-A50F-B339F6ACC208}.Debug|Mixed Platforms.ActiveCfg = Debug|x86
		{CDAF3542-C333-4DDD-A50F-B339F6ACC208}.Debug|Mixed Platforms.Build.0 = Debug|x86
		{CDAF3542-C333-4DDD-A50F-B339F6ACC208}.Debug|x64.ActiveCfg = Debug|x86
		{CDAF3542-C333-4DDD-A50F-B339F6ACC208}.Debug|x86.ActiveCfg = Debug|x86
		{CDAF3542-C333-4DDD-A50F-B339F6ACC208}.Debug|x86.Build.0 = Debug|x86
		{CDAF3542-C333-4DDD-A50F-B339F6ACC208}.Release|Any CPU.ActiveCfg = Release|x86
		{CDAF3542-C333-4DDD-A50F-B339F6ACC208}.Release|Any CPU.Build.0 = Release|x86
		{CDAF3542-C333-4DDD-A50F-B339F6ACC208}.Release|ARM.ActiveCfg = Release|x86
		{CDAF3542-C333-4DDD-A50F-B339F6ACC208}.Release|iPhone.ActiveCfg = Release|x86
		{CDAF3542-C333-4DDD-A50F-B339F6ACC208}.Release|iPhoneSimulator.ActiveCfg = Release|x86
		{CDAF3542-C333-4DDD-A50F-B339F6ACC208}.Release|Mixed Platforms.ActiveCfg = Release|x86
		{CDAF3542-C333-4DDD-A50F-B339F6ACC208}.Release|Mixed Platforms.Build.0 = Release|x86
		{CDAF3542-C333-4DDD-A50F-B339F6ACC208}.Release|x64.ActiveCfg = Release|x86
		{CDAF3542-C333-4DDD-A50F-B339F6ACC208}.Release|x86.ActiveCfg = Release|x86
		{CDAF3542-C333-4DDD-A50F-B339F6ACC208}.Release|x86.Build.0 = Release|x86
		{A0778009-BE06-4DD2-8F41-8E9F665F385F}.Ad-Hoc|Any CPU.ActiveCfg = Release|Any CPU
		{A0778009-BE06-4DD2-8F41-8E9F665F385F}.Ad-Hoc|Any CPU.Build.0 = Release|Any CPU
		{A0778009-BE06-4DD2-8F41-8E9F665F385F}.Ad-Hoc|ARM.ActiveCfg = Debug|Any CPU
		{A0778009-BE06-4DD2-8F41-8E9F665F385F}.Ad-Hoc|iPhone.ActiveCfg = Release|Any CPU
		{A0778009-BE06-4DD2-8F41-8E9F665F385F}.Ad-Hoc|iPhone.Build.0 = Release|Any CPU
		{A0778009-BE06-4DD2-8F41-8E9F665F385F}.Ad-Hoc|iPhoneSimulator.ActiveCfg = Release|Any CPU
		{A0778009-BE06-4DD2-8F41-8E9F665F385F}.Ad-Hoc|iPhoneSimulator.Build.0 = Release|Any CPU
		{A0778009-BE06-4DD2-8F41-8E9F665F385F}.Ad-Hoc|Mixed Platforms.ActiveCfg = Debug|Any CPU
		{A0778009-BE06-4DD2-8F41-8E9F665F385F}.Ad-Hoc|Mixed Platforms.Build.0 = Debug|Any CPU
		{A0778009-BE06-4DD2-8F41-8E9F665F385F}.Ad-Hoc|x64.ActiveCfg = Debug|Any CPU
		{A0778009-BE06-4DD2-8F41-8E9F665F385F}.Ad-Hoc|x86.ActiveCfg = Release|Any CPU
		{A0778009-BE06-4DD2-8F41-8E9F665F385F}.Ad-Hoc|x86.Build.0 = Release|Any CPU
		{A0778009-BE06-4DD2-8F41-8E9F665F385F}.AppStore|Any CPU.ActiveCfg = Release|Any CPU
		{A0778009-BE06-4DD2-8F41-8E9F665F385F}.AppStore|Any CPU.Build.0 = Release|Any CPU
		{A0778009-BE06-4DD2-8F41-8E9F665F385F}.AppStore|ARM.ActiveCfg = Debug|Any CPU
		{A0778009-BE06-4DD2-8F41-8E9F665F385F}.AppStore|iPhone.ActiveCfg = Release|Any CPU
		{A0778009-BE06-4DD2-8F41-8E9F665F385F}.AppStore|iPhone.Build.0 = Release|Any CPU
		{A0778009-BE06-4DD2-8F41-8E9F665F385F}.AppStore|iPhoneSimulator.ActiveCfg = Release|Any CPU
		{A0778009-BE06-4DD2-8F41-8E9F665F385F}.AppStore|iPhoneSimulator.Build.0 = Release|Any CPU
		{A0778009-BE06-4DD2-8F41-8E9F665F385F}.AppStore|Mixed Platforms.ActiveCfg = Debug|Any CPU
		{A0778009-BE06-4DD2-8F41-8E9F665F385F}.AppStore|Mixed Platforms.Build.0 = Debug|Any CPU
		{A0778009-BE06-4DD2-8F41-8E9F665F385F}.AppStore|x64.ActiveCfg = Debug|Any CPU
		{A0778009-BE06-4DD2-8F41-8E9F665F385F}.AppStore|x86.ActiveCfg = Release|Any CPU
		{A0778009-BE06-4DD2-8F41-8E9F665F385F}.AppStore|x86.Build.0 = Release|Any CPU
		{A0778009-BE06-4DD2-8F41-8E9F665F385F}.Debug|Any CPU.ActiveCfg = Debug|Any CPU
		{A0778009-BE06-4DD2-8F41-8E9F665F385F}.Debug|Any CPU.Build.0 = Debug|Any CPU
		{A0778009-BE06-4DD2-8F41-8E9F665F385F}.Debug|ARM.ActiveCfg = Debug|Any CPU
		{A0778009-BE06-4DD2-8F41-8E9F665F385F}.Debug|iPhone.ActiveCfg = Debug|Any CPU
		{A0778009-BE06-4DD2-8F41-8E9F665F385F}.Debug|iPhone.Build.0 = Debug|Any CPU
		{A0778009-BE06-4DD2-8F41-8E9F665F385F}.Debug|iPhoneSimulator.ActiveCfg = Debug|Any CPU
		{A0778009-BE06-4DD2-8F41-8E9F665F385F}.Debug|iPhoneSimulator.Build.0 = Debug|Any CPU
		{A0778009-BE06-4DD2-8F41-8E9F665F385F}.Debug|Mixed Platforms.ActiveCfg = Debug|Any CPU
		{A0778009-BE06-4DD2-8F41-8E9F665F385F}.Debug|Mixed Platforms.Build.0 = Debug|Any CPU
		{A0778009-BE06-4DD2-8F41-8E9F665F385F}.Debug|x64.ActiveCfg = Debug|Any CPU
		{A0778009-BE06-4DD2-8F41-8E9F665F385F}.Debug|x86.ActiveCfg = Debug|Any CPU
		{A0778009-BE06-4DD2-8F41-8E9F665F385F}.Debug|x86.Build.0 = Debug|Any CPU
		{A0778009-BE06-4DD2-8F41-8E9F665F385F}.Release|Any CPU.ActiveCfg = Release|Any CPU
		{A0778009-BE06-4DD2-8F41-8E9F665F385F}.Release|Any CPU.Build.0 = Release|Any CPU
		{A0778009-BE06-4DD2-8F41-8E9F665F385F}.Release|ARM.ActiveCfg = Release|Any CPU
		{A0778009-BE06-4DD2-8F41-8E9F665F385F}.Release|iPhone.ActiveCfg = Release|Any CPU
		{A0778009-BE06-4DD2-8F41-8E9F665F385F}.Release|iPhone.Build.0 = Release|Any CPU
		{A0778009-BE06-4DD2-8F41-8E9F665F385F}.Release|iPhoneSimulator.ActiveCfg = Release|Any CPU
		{A0778009-BE06-4DD2-8F41-8E9F665F385F}.Release|iPhoneSimulator.Build.0 = Release|Any CPU
		{A0778009-BE06-4DD2-8F41-8E9F665F385F}.Release|Mixed Platforms.ActiveCfg = Release|Any CPU
		{A0778009-BE06-4DD2-8F41-8E9F665F385F}.Release|Mixed Platforms.Build.0 = Release|Any CPU
		{A0778009-BE06-4DD2-8F41-8E9F665F385F}.Release|x64.ActiveCfg = Release|Any CPU
		{A0778009-BE06-4DD2-8F41-8E9F665F385F}.Release|x86.ActiveCfg = Release|Any CPU
		{A0778009-BE06-4DD2-8F41-8E9F665F385F}.Release|x86.Build.0 = Release|Any CPU
		{92C3BB58-E56E-4FA0-AD15-83A1DF2EEBD9}.Ad-Hoc|Any CPU.ActiveCfg = Ad-Hoc|iPhone
		{92C3BB58-E56E-4FA0-AD15-83A1DF2EEBD9}.Ad-Hoc|ARM.ActiveCfg = Ad-Hoc|iPhone
		{92C3BB58-E56E-4FA0-AD15-83A1DF2EEBD9}.Ad-Hoc|iPhone.ActiveCfg = Ad-Hoc|iPhone
		{92C3BB58-E56E-4FA0-AD15-83A1DF2EEBD9}.Ad-Hoc|iPhone.Build.0 = Ad-Hoc|iPhone
		{92C3BB58-E56E-4FA0-AD15-83A1DF2EEBD9}.Ad-Hoc|iPhoneSimulator.ActiveCfg = Ad-Hoc|iPhoneSimulator
		{92C3BB58-E56E-4FA0-AD15-83A1DF2EEBD9}.Ad-Hoc|iPhoneSimulator.Build.0 = Ad-Hoc|iPhoneSimulator
		{92C3BB58-E56E-4FA0-AD15-83A1DF2EEBD9}.Ad-Hoc|Mixed Platforms.ActiveCfg = Ad-Hoc|iPhone
		{92C3BB58-E56E-4FA0-AD15-83A1DF2EEBD9}.Ad-Hoc|Mixed Platforms.Build.0 = Ad-Hoc|iPhone
		{92C3BB58-E56E-4FA0-AD15-83A1DF2EEBD9}.Ad-Hoc|x64.ActiveCfg = Ad-Hoc|iPhone
		{92C3BB58-E56E-4FA0-AD15-83A1DF2EEBD9}.Ad-Hoc|x86.ActiveCfg = Ad-Hoc|iPhone
		{92C3BB58-E56E-4FA0-AD15-83A1DF2EEBD9}.AppStore|Any CPU.ActiveCfg = AppStore|iPhone
		{92C3BB58-E56E-4FA0-AD15-83A1DF2EEBD9}.AppStore|ARM.ActiveCfg = AppStore|iPhone
		{92C3BB58-E56E-4FA0-AD15-83A1DF2EEBD9}.AppStore|iPhone.ActiveCfg = AppStore|iPhone
		{92C3BB58-E56E-4FA0-AD15-83A1DF2EEBD9}.AppStore|iPhone.Build.0 = AppStore|iPhone
		{92C3BB58-E56E-4FA0-AD15-83A1DF2EEBD9}.AppStore|iPhoneSimulator.ActiveCfg = AppStore|iPhoneSimulator
		{92C3BB58-E56E-4FA0-AD15-83A1DF2EEBD9}.AppStore|iPhoneSimulator.Build.0 = AppStore|iPhoneSimulator
		{92C3BB58-E56E-4FA0-AD15-83A1DF2EEBD9}.AppStore|Mixed Platforms.ActiveCfg = AppStore|iPhone
		{92C3BB58-E56E-4FA0-AD15-83A1DF2EEBD9}.AppStore|Mixed Platforms.Build.0 = AppStore|iPhone
		{92C3BB58-E56E-4FA0-AD15-83A1DF2EEBD9}.AppStore|x64.ActiveCfg = AppStore|iPhone
		{92C3BB58-E56E-4FA0-AD15-83A1DF2EEBD9}.AppStore|x86.ActiveCfg = AppStore|iPhone
		{92C3BB58-E56E-4FA0-AD15-83A1DF2EEBD9}.Debug|Any CPU.ActiveCfg = Debug|iPhone
		{92C3BB58-E56E-4FA0-AD15-83A1DF2EEBD9}.Debug|ARM.ActiveCfg = Debug|iPhone
		{92C3BB58-E56E-4FA0-AD15-83A1DF2EEBD9}.Debug|iPhone.ActiveCfg = Debug|iPhone
		{92C3BB58-E56E-4FA0-AD15-83A1DF2EEBD9}.Debug|iPhoneSimulator.ActiveCfg = Debug|iPhoneSimulator
		{92C3BB58-E56E-4FA0-AD15-83A1DF2EEBD9}.Debug|iPhoneSimulator.Build.0 = Debug|iPhoneSimulator
		{92C3BB58-E56E-4FA0-AD15-83A1DF2EEBD9}.Debug|Mixed Platforms.ActiveCfg = Debug|iPhone
		{92C3BB58-E56E-4FA0-AD15-83A1DF2EEBD9}.Debug|Mixed Platforms.Build.0 = Debug|iPhone
		{92C3BB58-E56E-4FA0-AD15-83A1DF2EEBD9}.Debug|x64.ActiveCfg = Debug|iPhone
		{92C3BB58-E56E-4FA0-AD15-83A1DF2EEBD9}.Debug|x86.ActiveCfg = Debug|iPhone
		{92C3BB58-E56E-4FA0-AD15-83A1DF2EEBD9}.Release|Any CPU.ActiveCfg = Release|iPhone
		{92C3BB58-E56E-4FA0-AD15-83A1DF2EEBD9}.Release|ARM.ActiveCfg = Release|iPhone
		{92C3BB58-E56E-4FA0-AD15-83A1DF2EEBD9}.Release|iPhone.ActiveCfg = Release|iPhone
		{92C3BB58-E56E-4FA0-AD15-83A1DF2EEBD9}.Release|iPhone.Build.0 = Release|iPhone
		{92C3BB58-E56E-4FA0-AD15-83A1DF2EEBD9}.Release|iPhoneSimulator.ActiveCfg = Release|iPhoneSimulator
		{92C3BB58-E56E-4FA0-AD15-83A1DF2EEBD9}.Release|iPhoneSimulator.Build.0 = Release|iPhoneSimulator
		{92C3BB58-E56E-4FA0-AD15-83A1DF2EEBD9}.Release|Mixed Platforms.ActiveCfg = Release|iPhone
		{92C3BB58-E56E-4FA0-AD15-83A1DF2EEBD9}.Release|Mixed Platforms.Build.0 = Release|iPhone
		{92C3BB58-E56E-4FA0-AD15-83A1DF2EEBD9}.Release|x64.ActiveCfg = Release|iPhone
		{92C3BB58-E56E-4FA0-AD15-83A1DF2EEBD9}.Release|x86.ActiveCfg = Release|iPhone
		{645B4968-1B54-41A3-A490-CB10C10CDC83}.Ad-Hoc|Any CPU.ActiveCfg = Release|Any CPU
		{645B4968-1B54-41A3-A490-CB10C10CDC83}.Ad-Hoc|Any CPU.Build.0 = Release|Any CPU
		{645B4968-1B54-41A3-A490-CB10C10CDC83}.Ad-Hoc|ARM.ActiveCfg = Release|Any CPU
		{645B4968-1B54-41A3-A490-CB10C10CDC83}.Ad-Hoc|ARM.Build.0 = Release|Any CPU
		{645B4968-1B54-41A3-A490-CB10C10CDC83}.Ad-Hoc|iPhone.ActiveCfg = Release|Any CPU
		{645B4968-1B54-41A3-A490-CB10C10CDC83}.Ad-Hoc|iPhone.Build.0 = Release|Any CPU
		{645B4968-1B54-41A3-A490-CB10C10CDC83}.Ad-Hoc|iPhoneSimulator.ActiveCfg = Release|Any CPU
		{645B4968-1B54-41A3-A490-CB10C10CDC83}.Ad-Hoc|iPhoneSimulator.Build.0 = Release|Any CPU
		{645B4968-1B54-41A3-A490-CB10C10CDC83}.Ad-Hoc|Mixed Platforms.ActiveCfg = Release|Any CPU
		{645B4968-1B54-41A3-A490-CB10C10CDC83}.Ad-Hoc|Mixed Platforms.Build.0 = Release|Any CPU
		{645B4968-1B54-41A3-A490-CB10C10CDC83}.Ad-Hoc|x64.ActiveCfg = Release|Any CPU
		{645B4968-1B54-41A3-A490-CB10C10CDC83}.Ad-Hoc|x64.Build.0 = Release|Any CPU
		{645B4968-1B54-41A3-A490-CB10C10CDC83}.Ad-Hoc|x86.ActiveCfg = Release|Any CPU
		{645B4968-1B54-41A3-A490-CB10C10CDC83}.Ad-Hoc|x86.Build.0 = Release|Any CPU
		{645B4968-1B54-41A3-A490-CB10C10CDC83}.AppStore|Any CPU.ActiveCfg = Release|Any CPU
		{645B4968-1B54-41A3-A490-CB10C10CDC83}.AppStore|Any CPU.Build.0 = Release|Any CPU
		{645B4968-1B54-41A3-A490-CB10C10CDC83}.AppStore|ARM.ActiveCfg = Release|Any CPU
		{645B4968-1B54-41A3-A490-CB10C10CDC83}.AppStore|ARM.Build.0 = Release|Any CPU
		{645B4968-1B54-41A3-A490-CB10C10CDC83}.AppStore|iPhone.ActiveCfg = Release|Any CPU
		{645B4968-1B54-41A3-A490-CB10C10CDC83}.AppStore|iPhone.Build.0 = Release|Any CPU
		{645B4968-1B54-41A3-A490-CB10C10CDC83}.AppStore|iPhoneSimulator.ActiveCfg = Release|Any CPU
		{645B4968-1B54-41A3-A490-CB10C10CDC83}.AppStore|iPhoneSimulator.Build.0 = Release|Any CPU
		{645B4968-1B54-41A3-A490-CB10C10CDC83}.AppStore|Mixed Platforms.ActiveCfg = Release|Any CPU
		{645B4968-1B54-41A3-A490-CB10C10CDC83}.AppStore|Mixed Platforms.Build.0 = Release|Any CPU
		{645B4968-1B54-41A3-A490-CB10C10CDC83}.AppStore|x64.ActiveCfg = Release|Any CPU
		{645B4968-1B54-41A3-A490-CB10C10CDC83}.AppStore|x64.Build.0 = Release|Any CPU
		{645B4968-1B54-41A3-A490-CB10C10CDC83}.AppStore|x86.ActiveCfg = Release|Any CPU
		{645B4968-1B54-41A3-A490-CB10C10CDC83}.AppStore|x86.Build.0 = Release|Any CPU
		{645B4968-1B54-41A3-A490-CB10C10CDC83}.Debug|Any CPU.ActiveCfg = Debug|Any CPU
		{645B4968-1B54-41A3-A490-CB10C10CDC83}.Debug|Any CPU.Build.0 = Debug|Any CPU
		{645B4968-1B54-41A3-A490-CB10C10CDC83}.Debug|ARM.ActiveCfg = Debug|Any CPU
		{645B4968-1B54-41A3-A490-CB10C10CDC83}.Debug|ARM.Build.0 = Debug|Any CPU
		{645B4968-1B54-41A3-A490-CB10C10CDC83}.Debug|iPhone.ActiveCfg = Debug|Any CPU
		{645B4968-1B54-41A3-A490-CB10C10CDC83}.Debug|iPhone.Build.0 = Debug|Any CPU
		{645B4968-1B54-41A3-A490-CB10C10CDC83}.Debug|iPhoneSimulator.ActiveCfg = Debug|Any CPU
		{645B4968-1B54-41A3-A490-CB10C10CDC83}.Debug|iPhoneSimulator.Build.0 = Debug|Any CPU
		{645B4968-1B54-41A3-A490-CB10C10CDC83}.Debug|Mixed Platforms.ActiveCfg = Debug|Any CPU
		{645B4968-1B54-41A3-A490-CB10C10CDC83}.Debug|Mixed Platforms.Build.0 = Debug|Any CPU
		{645B4968-1B54-41A3-A490-CB10C10CDC83}.Debug|x64.ActiveCfg = Debug|Any CPU
		{645B4968-1B54-41A3-A490-CB10C10CDC83}.Debug|x64.Build.0 = Debug|Any CPU
		{645B4968-1B54-41A3-A490-CB10C10CDC83}.Debug|x86.ActiveCfg = Debug|Any CPU
		{645B4968-1B54-41A3-A490-CB10C10CDC83}.Debug|x86.Build.0 = Debug|Any CPU
		{645B4968-1B54-41A3-A490-CB10C10CDC83}.Release|Any CPU.ActiveCfg = Release|Any CPU
		{645B4968-1B54-41A3-A490-CB10C10CDC83}.Release|Any CPU.Build.0 = Release|Any CPU
		{645B4968-1B54-41A3-A490-CB10C10CDC83}.Release|ARM.ActiveCfg = Release|Any CPU
		{645B4968-1B54-41A3-A490-CB10C10CDC83}.Release|ARM.Build.0 = Release|Any CPU
		{645B4968-1B54-41A3-A490-CB10C10CDC83}.Release|iPhone.ActiveCfg = Release|Any CPU
		{645B4968-1B54-41A3-A490-CB10C10CDC83}.Release|iPhone.Build.0 = Release|Any CPU
		{645B4968-1B54-41A3-A490-CB10C10CDC83}.Release|iPhoneSimulator.ActiveCfg = Release|Any CPU
		{645B4968-1B54-41A3-A490-CB10C10CDC83}.Release|iPhoneSimulator.Build.0 = Release|Any CPU
		{645B4968-1B54-41A3-A490-CB10C10CDC83}.Release|Mixed Platforms.ActiveCfg = Release|Any CPU
		{645B4968-1B54-41A3-A490-CB10C10CDC83}.Release|Mixed Platforms.Build.0 = Release|Any CPU
		{645B4968-1B54-41A3-A490-CB10C10CDC83}.Release|x64.ActiveCfg = Release|Any CPU
		{645B4968-1B54-41A3-A490-CB10C10CDC83}.Release|x64.Build.0 = Release|Any CPU
		{645B4968-1B54-41A3-A490-CB10C10CDC83}.Release|x86.ActiveCfg = Release|Any CPU
		{645B4968-1B54-41A3-A490-CB10C10CDC83}.Release|x86.Build.0 = Release|Any CPU
		{62B3B29A-65D1-4140-AF65-939B52887DB6}.Ad-Hoc|Any CPU.ActiveCfg = Release|Any CPU
		{62B3B29A-65D1-4140-AF65-939B52887DB6}.Ad-Hoc|Any CPU.Build.0 = Release|Any CPU
		{62B3B29A-65D1-4140-AF65-939B52887DB6}.Ad-Hoc|ARM.ActiveCfg = Release|Any CPU
		{62B3B29A-65D1-4140-AF65-939B52887DB6}.Ad-Hoc|ARM.Build.0 = Release|Any CPU
		{62B3B29A-65D1-4140-AF65-939B52887DB6}.Ad-Hoc|iPhone.ActiveCfg = Release|Any CPU
		{62B3B29A-65D1-4140-AF65-939B52887DB6}.Ad-Hoc|iPhone.Build.0 = Release|Any CPU
		{62B3B29A-65D1-4140-AF65-939B52887DB6}.Ad-Hoc|iPhoneSimulator.ActiveCfg = Release|Any CPU
		{62B3B29A-65D1-4140-AF65-939B52887DB6}.Ad-Hoc|iPhoneSimulator.Build.0 = Release|Any CPU
		{62B3B29A-65D1-4140-AF65-939B52887DB6}.Ad-Hoc|Mixed Platforms.ActiveCfg = Release|Any CPU
		{62B3B29A-65D1-4140-AF65-939B52887DB6}.Ad-Hoc|Mixed Platforms.Build.0 = Release|Any CPU
		{62B3B29A-65D1-4140-AF65-939B52887DB6}.Ad-Hoc|x64.ActiveCfg = Release|Any CPU
		{62B3B29A-65D1-4140-AF65-939B52887DB6}.Ad-Hoc|x64.Build.0 = Release|Any CPU
		{62B3B29A-65D1-4140-AF65-939B52887DB6}.Ad-Hoc|x86.ActiveCfg = Release|Any CPU
		{62B3B29A-65D1-4140-AF65-939B52887DB6}.Ad-Hoc|x86.Build.0 = Release|Any CPU
		{62B3B29A-65D1-4140-AF65-939B52887DB6}.AppStore|Any CPU.ActiveCfg = Release|Any CPU
		{62B3B29A-65D1-4140-AF65-939B52887DB6}.AppStore|Any CPU.Build.0 = Release|Any CPU
		{62B3B29A-65D1-4140-AF65-939B52887DB6}.AppStore|ARM.ActiveCfg = Release|Any CPU
		{62B3B29A-65D1-4140-AF65-939B52887DB6}.AppStore|ARM.Build.0 = Release|Any CPU
		{62B3B29A-65D1-4140-AF65-939B52887DB6}.AppStore|iPhone.ActiveCfg = Release|Any CPU
		{62B3B29A-65D1-4140-AF65-939B52887DB6}.AppStore|iPhone.Build.0 = Release|Any CPU
		{62B3B29A-65D1-4140-AF65-939B52887DB6}.AppStore|iPhoneSimulator.ActiveCfg = Release|Any CPU
		{62B3B29A-65D1-4140-AF65-939B52887DB6}.AppStore|iPhoneSimulator.Build.0 = Release|Any CPU
		{62B3B29A-65D1-4140-AF65-939B52887DB6}.AppStore|Mixed Platforms.ActiveCfg = Release|Any CPU
		{62B3B29A-65D1-4140-AF65-939B52887DB6}.AppStore|Mixed Platforms.Build.0 = Release|Any CPU
		{62B3B29A-65D1-4140-AF65-939B52887DB6}.AppStore|x64.ActiveCfg = Release|Any CPU
		{62B3B29A-65D1-4140-AF65-939B52887DB6}.AppStore|x64.Build.0 = Release|Any CPU
		{62B3B29A-65D1-4140-AF65-939B52887DB6}.AppStore|x86.ActiveCfg = Release|Any CPU
		{62B3B29A-65D1-4140-AF65-939B52887DB6}.AppStore|x86.Build.0 = Release|Any CPU
		{62B3B29A-65D1-4140-AF65-939B52887DB6}.Debug|Any CPU.ActiveCfg = Debug|Any CPU
		{62B3B29A-65D1-4140-AF65-939B52887DB6}.Debug|Any CPU.Build.0 = Debug|Any CPU
		{62B3B29A-65D1-4140-AF65-939B52887DB6}.Debug|ARM.ActiveCfg = Debug|Any CPU
		{62B3B29A-65D1-4140-AF65-939B52887DB6}.Debug|ARM.Build.0 = Debug|Any CPU
		{62B3B29A-65D1-4140-AF65-939B52887DB6}.Debug|iPhone.ActiveCfg = Debug|Any CPU
		{62B3B29A-65D1-4140-AF65-939B52887DB6}.Debug|iPhone.Build.0 = Debug|Any CPU
		{62B3B29A-65D1-4140-AF65-939B52887DB6}.Debug|iPhoneSimulator.ActiveCfg = Debug|Any CPU
		{62B3B29A-65D1-4140-AF65-939B52887DB6}.Debug|iPhoneSimulator.Build.0 = Debug|Any CPU
		{62B3B29A-65D1-4140-AF65-939B52887DB6}.Debug|Mixed Platforms.ActiveCfg = Debug|Any CPU
		{62B3B29A-65D1-4140-AF65-939B52887DB6}.Debug|Mixed Platforms.Build.0 = Debug|Any CPU
		{62B3B29A-65D1-4140-AF65-939B52887DB6}.Debug|x64.ActiveCfg = Debug|Any CPU
		{62B3B29A-65D1-4140-AF65-939B52887DB6}.Debug|x64.Build.0 = Debug|Any CPU
		{62B3B29A-65D1-4140-AF65-939B52887DB6}.Debug|x86.ActiveCfg = Debug|Any CPU
		{62B3B29A-65D1-4140-AF65-939B52887DB6}.Debug|x86.Build.0 = Debug|Any CPU
		{62B3B29A-65D1-4140-AF65-939B52887DB6}.Release|Any CPU.ActiveCfg = Release|Any CPU
		{62B3B29A-65D1-4140-AF65-939B52887DB6}.Release|Any CPU.Build.0 = Release|Any CPU
		{62B3B29A-65D1-4140-AF65-939B52887DB6}.Release|ARM.ActiveCfg = Release|Any CPU
		{62B3B29A-65D1-4140-AF65-939B52887DB6}.Release|ARM.Build.0 = Release|Any CPU
		{62B3B29A-65D1-4140-AF65-939B52887DB6}.Release|iPhone.ActiveCfg = Release|Any CPU
		{62B3B29A-65D1-4140-AF65-939B52887DB6}.Release|iPhone.Build.0 = Release|Any CPU
		{62B3B29A-65D1-4140-AF65-939B52887DB6}.Release|iPhoneSimulator.ActiveCfg = Release|Any CPU
		{62B3B29A-65D1-4140-AF65-939B52887DB6}.Release|iPhoneSimulator.Build.0 = Release|Any CPU
		{62B3B29A-65D1-4140-AF65-939B52887DB6}.Release|Mixed Platforms.ActiveCfg = Release|Any CPU
		{62B3B29A-65D1-4140-AF65-939B52887DB6}.Release|Mixed Platforms.Build.0 = Release|Any CPU
		{62B3B29A-65D1-4140-AF65-939B52887DB6}.Release|x64.ActiveCfg = Release|Any CPU
		{62B3B29A-65D1-4140-AF65-939B52887DB6}.Release|x64.Build.0 = Release|Any CPU
		{62B3B29A-65D1-4140-AF65-939B52887DB6}.Release|x86.ActiveCfg = Release|Any CPU
		{62B3B29A-65D1-4140-AF65-939B52887DB6}.Release|x86.Build.0 = Release|Any CPU
		{53D6F8B6-0164-41C3-A1AD-BDD267E99F10}.Ad-Hoc|Any CPU.ActiveCfg = Release|Any CPU
		{53D6F8B6-0164-41C3-A1AD-BDD267E99F10}.Ad-Hoc|Any CPU.Build.0 = Release|Any CPU
		{53D6F8B6-0164-41C3-A1AD-BDD267E99F10}.Ad-Hoc|ARM.ActiveCfg = Release|Any CPU
		{53D6F8B6-0164-41C3-A1AD-BDD267E99F10}.Ad-Hoc|ARM.Build.0 = Release|Any CPU
		{53D6F8B6-0164-41C3-A1AD-BDD267E99F10}.Ad-Hoc|iPhone.ActiveCfg = Release|Any CPU
		{53D6F8B6-0164-41C3-A1AD-BDD267E99F10}.Ad-Hoc|iPhone.Build.0 = Release|Any CPU
		{53D6F8B6-0164-41C3-A1AD-BDD267E99F10}.Ad-Hoc|iPhoneSimulator.ActiveCfg = Release|Any CPU
		{53D6F8B6-0164-41C3-A1AD-BDD267E99F10}.Ad-Hoc|iPhoneSimulator.Build.0 = Release|Any CPU
		{53D6F8B6-0164-41C3-A1AD-BDD267E99F10}.Ad-Hoc|Mixed Platforms.ActiveCfg = Release|Any CPU
		{53D6F8B6-0164-41C3-A1AD-BDD267E99F10}.Ad-Hoc|Mixed Platforms.Build.0 = Release|Any CPU
		{53D6F8B6-0164-41C3-A1AD-BDD267E99F10}.Ad-Hoc|x64.ActiveCfg = Release|Any CPU
		{53D6F8B6-0164-41C3-A1AD-BDD267E99F10}.Ad-Hoc|x64.Build.0 = Release|Any CPU
		{53D6F8B6-0164-41C3-A1AD-BDD267E99F10}.Ad-Hoc|x86.ActiveCfg = Release|Any CPU
		{53D6F8B6-0164-41C3-A1AD-BDD267E99F10}.Ad-Hoc|x86.Build.0 = Release|Any CPU
		{53D6F8B6-0164-41C3-A1AD-BDD267E99F10}.AppStore|Any CPU.ActiveCfg = Release|Any CPU
		{53D6F8B6-0164-41C3-A1AD-BDD267E99F10}.AppStore|Any CPU.Build.0 = Release|Any CPU
		{53D6F8B6-0164-41C3-A1AD-BDD267E99F10}.AppStore|ARM.ActiveCfg = Release|Any CPU
		{53D6F8B6-0164-41C3-A1AD-BDD267E99F10}.AppStore|ARM.Build.0 = Release|Any CPU
		{53D6F8B6-0164-41C3-A1AD-BDD267E99F10}.AppStore|iPhone.ActiveCfg = Release|Any CPU
		{53D6F8B6-0164-41C3-A1AD-BDD267E99F10}.AppStore|iPhone.Build.0 = Release|Any CPU
		{53D6F8B6-0164-41C3-A1AD-BDD267E99F10}.AppStore|iPhoneSimulator.ActiveCfg = Release|Any CPU
		{53D6F8B6-0164-41C3-A1AD-BDD267E99F10}.AppStore|iPhoneSimulator.Build.0 = Release|Any CPU
		{53D6F8B6-0164-41C3-A1AD-BDD267E99F10}.AppStore|Mixed Platforms.ActiveCfg = Release|Any CPU
		{53D6F8B6-0164-41C3-A1AD-BDD267E99F10}.AppStore|Mixed Platforms.Build.0 = Release|Any CPU
		{53D6F8B6-0164-41C3-A1AD-BDD267E99F10}.AppStore|x64.ActiveCfg = Release|Any CPU
		{53D6F8B6-0164-41C3-A1AD-BDD267E99F10}.AppStore|x64.Build.0 = Release|Any CPU
		{53D6F8B6-0164-41C3-A1AD-BDD267E99F10}.AppStore|x86.ActiveCfg = Release|Any CPU
		{53D6F8B6-0164-41C3-A1AD-BDD267E99F10}.AppStore|x86.Build.0 = Release|Any CPU
		{53D6F8B6-0164-41C3-A1AD-BDD267E99F10}.Debug|Any CPU.ActiveCfg = Debug|Any CPU
		{53D6F8B6-0164-41C3-A1AD-BDD267E99F10}.Debug|Any CPU.Build.0 = Debug|Any CPU
		{53D6F8B6-0164-41C3-A1AD-BDD267E99F10}.Debug|ARM.ActiveCfg = Debug|Any CPU
		{53D6F8B6-0164-41C3-A1AD-BDD267E99F10}.Debug|ARM.Build.0 = Debug|Any CPU
		{53D6F8B6-0164-41C3-A1AD-BDD267E99F10}.Debug|iPhone.ActiveCfg = Debug|Any CPU
		{53D6F8B6-0164-41C3-A1AD-BDD267E99F10}.Debug|iPhone.Build.0 = Debug|Any CPU
		{53D6F8B6-0164-41C3-A1AD-BDD267E99F10}.Debug|iPhoneSimulator.ActiveCfg = Debug|Any CPU
		{53D6F8B6-0164-41C3-A1AD-BDD267E99F10}.Debug|iPhoneSimulator.Build.0 = Debug|Any CPU
		{53D6F8B6-0164-41C3-A1AD-BDD267E99F10}.Debug|Mixed Platforms.ActiveCfg = Debug|Any CPU
		{53D6F8B6-0164-41C3-A1AD-BDD267E99F10}.Debug|Mixed Platforms.Build.0 = Debug|Any CPU
		{53D6F8B6-0164-41C3-A1AD-BDD267E99F10}.Debug|x64.ActiveCfg = Debug|Any CPU
		{53D6F8B6-0164-41C3-A1AD-BDD267E99F10}.Debug|x64.Build.0 = Debug|Any CPU
		{53D6F8B6-0164-41C3-A1AD-BDD267E99F10}.Debug|x86.ActiveCfg = Debug|Any CPU
		{53D6F8B6-0164-41C3-A1AD-BDD267E99F10}.Debug|x86.Build.0 = Debug|Any CPU
		{53D6F8B6-0164-41C3-A1AD-BDD267E99F10}.Release|Any CPU.ActiveCfg = Release|Any CPU
		{53D6F8B6-0164-41C3-A1AD-BDD267E99F10}.Release|Any CPU.Build.0 = Release|Any CPU
		{53D6F8B6-0164-41C3-A1AD-BDD267E99F10}.Release|ARM.ActiveCfg = Release|Any CPU
		{53D6F8B6-0164-41C3-A1AD-BDD267E99F10}.Release|ARM.Build.0 = Release|Any CPU
		{53D6F8B6-0164-41C3-A1AD-BDD267E99F10}.Release|iPhone.ActiveCfg = Release|Any CPU
		{53D6F8B6-0164-41C3-A1AD-BDD267E99F10}.Release|iPhone.Build.0 = Release|Any CPU
		{53D6F8B6-0164-41C3-A1AD-BDD267E99F10}.Release|iPhoneSimulator.ActiveCfg = Release|Any CPU
		{53D6F8B6-0164-41C3-A1AD-BDD267E99F10}.Release|iPhoneSimulator.Build.0 = Release|Any CPU
		{53D6F8B6-0164-41C3-A1AD-BDD267E99F10}.Release|Mixed Platforms.ActiveCfg = Release|Any CPU
		{53D6F8B6-0164-41C3-A1AD-BDD267E99F10}.Release|Mixed Platforms.Build.0 = Release|Any CPU
		{53D6F8B6-0164-41C3-A1AD-BDD267E99F10}.Release|x64.ActiveCfg = Release|Any CPU
		{53D6F8B6-0164-41C3-A1AD-BDD267E99F10}.Release|x64.Build.0 = Release|Any CPU
		{53D6F8B6-0164-41C3-A1AD-BDD267E99F10}.Release|x86.ActiveCfg = Release|Any CPU
		{53D6F8B6-0164-41C3-A1AD-BDD267E99F10}.Release|x86.Build.0 = Release|Any CPU
		{B8537D51-9877-46B3-80F1-55B3E6DF52A0}.Ad-Hoc|Any CPU.ActiveCfg = Release|Any CPU
		{B8537D51-9877-46B3-80F1-55B3E6DF52A0}.Ad-Hoc|Any CPU.Build.0 = Release|Any CPU
		{B8537D51-9877-46B3-80F1-55B3E6DF52A0}.Ad-Hoc|Any CPU.Deploy.0 = Release|Any CPU
		{B8537D51-9877-46B3-80F1-55B3E6DF52A0}.Ad-Hoc|ARM.ActiveCfg = Release|Any CPU
		{B8537D51-9877-46B3-80F1-55B3E6DF52A0}.Ad-Hoc|ARM.Build.0 = Release|Any CPU
		{B8537D51-9877-46B3-80F1-55B3E6DF52A0}.Ad-Hoc|ARM.Deploy.0 = Release|Any CPU
		{B8537D51-9877-46B3-80F1-55B3E6DF52A0}.Ad-Hoc|iPhone.ActiveCfg = Release|Any CPU
		{B8537D51-9877-46B3-80F1-55B3E6DF52A0}.Ad-Hoc|iPhone.Build.0 = Release|Any CPU
		{B8537D51-9877-46B3-80F1-55B3E6DF52A0}.Ad-Hoc|iPhone.Deploy.0 = Release|Any CPU
		{B8537D51-9877-46B3-80F1-55B3E6DF52A0}.Ad-Hoc|iPhoneSimulator.ActiveCfg = Release|Any CPU
		{B8537D51-9877-46B3-80F1-55B3E6DF52A0}.Ad-Hoc|iPhoneSimulator.Build.0 = Release|Any CPU
		{B8537D51-9877-46B3-80F1-55B3E6DF52A0}.Ad-Hoc|iPhoneSimulator.Deploy.0 = Release|Any CPU
		{B8537D51-9877-46B3-80F1-55B3E6DF52A0}.Ad-Hoc|Mixed Platforms.ActiveCfg = Release|Any CPU
		{B8537D51-9877-46B3-80F1-55B3E6DF52A0}.Ad-Hoc|Mixed Platforms.Build.0 = Release|Any CPU
		{B8537D51-9877-46B3-80F1-55B3E6DF52A0}.Ad-Hoc|Mixed Platforms.Deploy.0 = Release|Any CPU
		{B8537D51-9877-46B3-80F1-55B3E6DF52A0}.Ad-Hoc|x64.ActiveCfg = Release|Any CPU
		{B8537D51-9877-46B3-80F1-55B3E6DF52A0}.Ad-Hoc|x64.Build.0 = Release|Any CPU
		{B8537D51-9877-46B3-80F1-55B3E6DF52A0}.Ad-Hoc|x64.Deploy.0 = Release|Any CPU
		{B8537D51-9877-46B3-80F1-55B3E6DF52A0}.Ad-Hoc|x86.ActiveCfg = Release|Any CPU
		{B8537D51-9877-46B3-80F1-55B3E6DF52A0}.Ad-Hoc|x86.Build.0 = Release|Any CPU
		{B8537D51-9877-46B3-80F1-55B3E6DF52A0}.Ad-Hoc|x86.Deploy.0 = Release|Any CPU
		{B8537D51-9877-46B3-80F1-55B3E6DF52A0}.AppStore|Any CPU.ActiveCfg = Release|Any CPU
		{B8537D51-9877-46B3-80F1-55B3E6DF52A0}.AppStore|Any CPU.Build.0 = Release|Any CPU
		{B8537D51-9877-46B3-80F1-55B3E6DF52A0}.AppStore|Any CPU.Deploy.0 = Release|Any CPU
		{B8537D51-9877-46B3-80F1-55B3E6DF52A0}.AppStore|ARM.ActiveCfg = Release|Any CPU
		{B8537D51-9877-46B3-80F1-55B3E6DF52A0}.AppStore|ARM.Build.0 = Release|Any CPU
		{B8537D51-9877-46B3-80F1-55B3E6DF52A0}.AppStore|ARM.Deploy.0 = Release|Any CPU
		{B8537D51-9877-46B3-80F1-55B3E6DF52A0}.AppStore|iPhone.ActiveCfg = Release|Any CPU
		{B8537D51-9877-46B3-80F1-55B3E6DF52A0}.AppStore|iPhone.Build.0 = Release|Any CPU
		{B8537D51-9877-46B3-80F1-55B3E6DF52A0}.AppStore|iPhone.Deploy.0 = Release|Any CPU
		{B8537D51-9877-46B3-80F1-55B3E6DF52A0}.AppStore|iPhoneSimulator.ActiveCfg = Release|Any CPU
		{B8537D51-9877-46B3-80F1-55B3E6DF52A0}.AppStore|iPhoneSimulator.Build.0 = Release|Any CPU
		{B8537D51-9877-46B3-80F1-55B3E6DF52A0}.AppStore|iPhoneSimulator.Deploy.0 = Release|Any CPU
		{B8537D51-9877-46B3-80F1-55B3E6DF52A0}.AppStore|Mixed Platforms.ActiveCfg = Release|Any CPU
		{B8537D51-9877-46B3-80F1-55B3E6DF52A0}.AppStore|Mixed Platforms.Build.0 = Release|Any CPU
		{B8537D51-9877-46B3-80F1-55B3E6DF52A0}.AppStore|Mixed Platforms.Deploy.0 = Release|Any CPU
		{B8537D51-9877-46B3-80F1-55B3E6DF52A0}.AppStore|x64.ActiveCfg = Release|Any CPU
		{B8537D51-9877-46B3-80F1-55B3E6DF52A0}.AppStore|x64.Build.0 = Release|Any CPU
		{B8537D51-9877-46B3-80F1-55B3E6DF52A0}.AppStore|x64.Deploy.0 = Release|Any CPU
		{B8537D51-9877-46B3-80F1-55B3E6DF52A0}.AppStore|x86.ActiveCfg = Release|Any CPU
		{B8537D51-9877-46B3-80F1-55B3E6DF52A0}.AppStore|x86.Build.0 = Release|Any CPU
		{B8537D51-9877-46B3-80F1-55B3E6DF52A0}.AppStore|x86.Deploy.0 = Release|Any CPU
		{B8537D51-9877-46B3-80F1-55B3E6DF52A0}.Debug|Any CPU.ActiveCfg = Debug|Any CPU
		{B8537D51-9877-46B3-80F1-55B3E6DF52A0}.Debug|Any CPU.Build.0 = Debug|Any CPU
		{B8537D51-9877-46B3-80F1-55B3E6DF52A0}.Debug|Any CPU.Deploy.0 = Debug|Any CPU
		{B8537D51-9877-46B3-80F1-55B3E6DF52A0}.Debug|ARM.ActiveCfg = Debug|Any CPU
		{B8537D51-9877-46B3-80F1-55B3E6DF52A0}.Debug|ARM.Build.0 = Debug|Any CPU
		{B8537D51-9877-46B3-80F1-55B3E6DF52A0}.Debug|ARM.Deploy.0 = Debug|Any CPU
		{B8537D51-9877-46B3-80F1-55B3E6DF52A0}.Debug|iPhone.ActiveCfg = Debug|Any CPU
		{B8537D51-9877-46B3-80F1-55B3E6DF52A0}.Debug|iPhone.Build.0 = Debug|Any CPU
		{B8537D51-9877-46B3-80F1-55B3E6DF52A0}.Debug|iPhone.Deploy.0 = Debug|Any CPU
		{B8537D51-9877-46B3-80F1-55B3E6DF52A0}.Debug|iPhoneSimulator.ActiveCfg = Debug|Any CPU
		{B8537D51-9877-46B3-80F1-55B3E6DF52A0}.Debug|iPhoneSimulator.Build.0 = Debug|Any CPU
		{B8537D51-9877-46B3-80F1-55B3E6DF52A0}.Debug|iPhoneSimulator.Deploy.0 = Debug|Any CPU
		{B8537D51-9877-46B3-80F1-55B3E6DF52A0}.Debug|Mixed Platforms.ActiveCfg = Debug|Any CPU
		{B8537D51-9877-46B3-80F1-55B3E6DF52A0}.Debug|Mixed Platforms.Build.0 = Debug|Any CPU
		{B8537D51-9877-46B3-80F1-55B3E6DF52A0}.Debug|Mixed Platforms.Deploy.0 = Debug|Any CPU
		{B8537D51-9877-46B3-80F1-55B3E6DF52A0}.Debug|x64.ActiveCfg = Debug|Any CPU
		{B8537D51-9877-46B3-80F1-55B3E6DF52A0}.Debug|x64.Build.0 = Debug|Any CPU
		{B8537D51-9877-46B3-80F1-55B3E6DF52A0}.Debug|x64.Deploy.0 = Debug|Any CPU
		{B8537D51-9877-46B3-80F1-55B3E6DF52A0}.Debug|x86.ActiveCfg = Debug|Any CPU
		{B8537D51-9877-46B3-80F1-55B3E6DF52A0}.Debug|x86.Build.0 = Debug|Any CPU
		{B8537D51-9877-46B3-80F1-55B3E6DF52A0}.Debug|x86.Deploy.0 = Debug|Any CPU
		{B8537D51-9877-46B3-80F1-55B3E6DF52A0}.Release|Any CPU.ActiveCfg = Release|Any CPU
		{B8537D51-9877-46B3-80F1-55B3E6DF52A0}.Release|Any CPU.Build.0 = Release|Any CPU
		{B8537D51-9877-46B3-80F1-55B3E6DF52A0}.Release|Any CPU.Deploy.0 = Release|Any CPU
		{B8537D51-9877-46B3-80F1-55B3E6DF52A0}.Release|ARM.ActiveCfg = Release|Any CPU
		{B8537D51-9877-46B3-80F1-55B3E6DF52A0}.Release|ARM.Build.0 = Release|Any CPU
		{B8537D51-9877-46B3-80F1-55B3E6DF52A0}.Release|ARM.Deploy.0 = Release|Any CPU
		{B8537D51-9877-46B3-80F1-55B3E6DF52A0}.Release|iPhone.ActiveCfg = Release|Any CPU
		{B8537D51-9877-46B3-80F1-55B3E6DF52A0}.Release|iPhone.Build.0 = Release|Any CPU
		{B8537D51-9877-46B3-80F1-55B3E6DF52A0}.Release|iPhone.Deploy.0 = Release|Any CPU
		{B8537D51-9877-46B3-80F1-55B3E6DF52A0}.Release|iPhoneSimulator.ActiveCfg = Release|Any CPU
		{B8537D51-9877-46B3-80F1-55B3E6DF52A0}.Release|iPhoneSimulator.Build.0 = Release|Any CPU
		{B8537D51-9877-46B3-80F1-55B3E6DF52A0}.Release|iPhoneSimulator.Deploy.0 = Release|Any CPU
		{B8537D51-9877-46B3-80F1-55B3E6DF52A0}.Release|Mixed Platforms.ActiveCfg = Release|Any CPU
		{B8537D51-9877-46B3-80F1-55B3E6DF52A0}.Release|Mixed Platforms.Build.0 = Release|Any CPU
		{B8537D51-9877-46B3-80F1-55B3E6DF52A0}.Release|Mixed Platforms.Deploy.0 = Release|Any CPU
		{B8537D51-9877-46B3-80F1-55B3E6DF52A0}.Release|x64.ActiveCfg = Release|Any CPU
		{B8537D51-9877-46B3-80F1-55B3E6DF52A0}.Release|x64.Build.0 = Release|Any CPU
		{B8537D51-9877-46B3-80F1-55B3E6DF52A0}.Release|x64.Deploy.0 = Release|Any CPU
		{B8537D51-9877-46B3-80F1-55B3E6DF52A0}.Release|x86.ActiveCfg = Release|Any CPU
		{B8537D51-9877-46B3-80F1-55B3E6DF52A0}.Release|x86.Build.0 = Release|Any CPU
		{B8537D51-9877-46B3-80F1-55B3E6DF52A0}.Release|x86.Deploy.0 = Release|Any CPU
		{B4AC93D3-6EF7-46CA-AEE9-CC2D9F600A39}.Ad-Hoc|Any CPU.ActiveCfg = Release|x86
		{B4AC93D3-6EF7-46CA-AEE9-CC2D9F600A39}.Ad-Hoc|Any CPU.Build.0 = Release|x86
		{B4AC93D3-6EF7-46CA-AEE9-CC2D9F600A39}.Ad-Hoc|ARM.ActiveCfg = Release|x86
		{B4AC93D3-6EF7-46CA-AEE9-CC2D9F600A39}.Ad-Hoc|ARM.Build.0 = Release|x86
		{B4AC93D3-6EF7-46CA-AEE9-CC2D9F600A39}.Ad-Hoc|iPhone.ActiveCfg = Release|x86
		{B4AC93D3-6EF7-46CA-AEE9-CC2D9F600A39}.Ad-Hoc|iPhone.Build.0 = Release|x86
		{B4AC93D3-6EF7-46CA-AEE9-CC2D9F600A39}.Ad-Hoc|iPhoneSimulator.ActiveCfg = Release|x86
		{B4AC93D3-6EF7-46CA-AEE9-CC2D9F600A39}.Ad-Hoc|iPhoneSimulator.Build.0 = Release|x86
		{B4AC93D3-6EF7-46CA-AEE9-CC2D9F600A39}.Ad-Hoc|Mixed Platforms.ActiveCfg = Release|x86
		{B4AC93D3-6EF7-46CA-AEE9-CC2D9F600A39}.Ad-Hoc|Mixed Platforms.Build.0 = Release|x86
		{B4AC93D3-6EF7-46CA-AEE9-CC2D9F600A39}.Ad-Hoc|x64.ActiveCfg = Release|x86
		{B4AC93D3-6EF7-46CA-AEE9-CC2D9F600A39}.Ad-Hoc|x64.Build.0 = Release|x86
		{B4AC93D3-6EF7-46CA-AEE9-CC2D9F600A39}.Ad-Hoc|x86.ActiveCfg = Release|x86
		{B4AC93D3-6EF7-46CA-AEE9-CC2D9F600A39}.Ad-Hoc|x86.Build.0 = Release|x86
		{B4AC93D3-6EF7-46CA-AEE9-CC2D9F600A39}.AppStore|Any CPU.ActiveCfg = Release|x86
		{B4AC93D3-6EF7-46CA-AEE9-CC2D9F600A39}.AppStore|Any CPU.Build.0 = Release|x86
		{B4AC93D3-6EF7-46CA-AEE9-CC2D9F600A39}.AppStore|ARM.ActiveCfg = Release|x86
		{B4AC93D3-6EF7-46CA-AEE9-CC2D9F600A39}.AppStore|ARM.Build.0 = Release|x86
		{B4AC93D3-6EF7-46CA-AEE9-CC2D9F600A39}.AppStore|iPhone.ActiveCfg = Release|x86
		{B4AC93D3-6EF7-46CA-AEE9-CC2D9F600A39}.AppStore|iPhone.Build.0 = Release|x86
		{B4AC93D3-6EF7-46CA-AEE9-CC2D9F600A39}.AppStore|iPhoneSimulator.ActiveCfg = Release|x86
		{B4AC93D3-6EF7-46CA-AEE9-CC2D9F600A39}.AppStore|iPhoneSimulator.Build.0 = Release|x86
		{B4AC93D3-6EF7-46CA-AEE9-CC2D9F600A39}.AppStore|Mixed Platforms.ActiveCfg = Release|x86
		{B4AC93D3-6EF7-46CA-AEE9-CC2D9F600A39}.AppStore|Mixed Platforms.Build.0 = Release|x86
		{B4AC93D3-6EF7-46CA-AEE9-CC2D9F600A39}.AppStore|x64.ActiveCfg = Release|x86
		{B4AC93D3-6EF7-46CA-AEE9-CC2D9F600A39}.AppStore|x64.Build.0 = Release|x86
		{B4AC93D3-6EF7-46CA-AEE9-CC2D9F600A39}.AppStore|x86.ActiveCfg = Release|x86
		{B4AC93D3-6EF7-46CA-AEE9-CC2D9F600A39}.AppStore|x86.Build.0 = Release|x86
		{B4AC93D3-6EF7-46CA-AEE9-CC2D9F600A39}.Debug|Any CPU.ActiveCfg = Debug|x86
		{B4AC93D3-6EF7-46CA-AEE9-CC2D9F600A39}.Debug|Any CPU.Build.0 = Debug|x86
		{B4AC93D3-6EF7-46CA-AEE9-CC2D9F600A39}.Debug|ARM.ActiveCfg = Debug|x86
		{B4AC93D3-6EF7-46CA-AEE9-CC2D9F600A39}.Debug|iPhone.ActiveCfg = Debug|x86
		{B4AC93D3-6EF7-46CA-AEE9-CC2D9F600A39}.Debug|iPhoneSimulator.ActiveCfg = Debug|x86
		{B4AC93D3-6EF7-46CA-AEE9-CC2D9F600A39}.Debug|Mixed Platforms.ActiveCfg = Debug|x86
		{B4AC93D3-6EF7-46CA-AEE9-CC2D9F600A39}.Debug|Mixed Platforms.Build.0 = Debug|x86
		{B4AC93D3-6EF7-46CA-AEE9-CC2D9F600A39}.Debug|x64.ActiveCfg = Debug|x86
		{B4AC93D3-6EF7-46CA-AEE9-CC2D9F600A39}.Debug|x86.ActiveCfg = Debug|x86
		{B4AC93D3-6EF7-46CA-AEE9-CC2D9F600A39}.Debug|x86.Build.0 = Debug|x86
		{B4AC93D3-6EF7-46CA-AEE9-CC2D9F600A39}.Release|Any CPU.ActiveCfg = Release|x86
		{B4AC93D3-6EF7-46CA-AEE9-CC2D9F600A39}.Release|Any CPU.Build.0 = Release|x86
		{B4AC93D3-6EF7-46CA-AEE9-CC2D9F600A39}.Release|ARM.ActiveCfg = Release|x86
		{B4AC93D3-6EF7-46CA-AEE9-CC2D9F600A39}.Release|iPhone.ActiveCfg = Release|x86
		{B4AC93D3-6EF7-46CA-AEE9-CC2D9F600A39}.Release|iPhoneSimulator.ActiveCfg = Release|x86
		{B4AC93D3-6EF7-46CA-AEE9-CC2D9F600A39}.Release|Mixed Platforms.ActiveCfg = Release|x86
		{B4AC93D3-6EF7-46CA-AEE9-CC2D9F600A39}.Release|Mixed Platforms.Build.0 = Release|x86
		{B4AC93D3-6EF7-46CA-AEE9-CC2D9F600A39}.Release|x64.ActiveCfg = Release|x86
		{B4AC93D3-6EF7-46CA-AEE9-CC2D9F600A39}.Release|x86.ActiveCfg = Release|x86
		{B4AC93D3-6EF7-46CA-AEE9-CC2D9F600A39}.Release|x86.Build.0 = Release|x86
	EndGlobalSection
	GlobalSection(SolutionProperties) = preSolution
		HideSolutionNode = FALSE
	EndGlobalSection
	GlobalSection(NestedProjects) = preSolution
		{CDAF3542-C333-4DDD-A50F-B339F6ACC208} = {ABC52BB5-5C92-4F8E-8A0A-172F0407CEDE}
		{A0778009-BE06-4DD2-8F41-8E9F665F385F} = {ABC52BB5-5C92-4F8E-8A0A-172F0407CEDE}
		{92C3BB58-E56E-4FA0-AD15-83A1DF2EEBD9} = {ABC52BB5-5C92-4F8E-8A0A-172F0407CEDE}
		{E4DC2861-65F1-460E-BCF9-B91D32BF6423} = {ABC52BB5-5C92-4F8E-8A0A-172F0407CEDE}
		{53D6F8B6-0164-41C3-A1AD-BDD267E99F10} = {6DC370DA-5966-4B2D-B82F-F451AE18B450}
		{B8537D51-9877-46B3-80F1-55B3E6DF52A0} = {ABC52BB5-5C92-4F8E-8A0A-172F0407CEDE}
		{B4AC93D3-6EF7-46CA-AEE9-CC2D9F600A39} = {ABC52BB5-5C92-4F8E-8A0A-172F0407CEDE}
	EndGlobalSection
EndGlobal
